// !$*UTF8*$!
{
	archiveVersion = 1;
	classes = {
	};
	objectVersion = 50;
	objects = {

/* Begin PBXBuildFile section */
		286605A4246EBADF003F5FA0 /* AppDelegate.swift in Sources */ = {isa = PBXBuildFile; fileRef = 286605A3246EBADF003F5FA0 /* AppDelegate.swift */; };
		286605A6246EBADF003F5FA0 /* SceneDelegate.swift in Sources */ = {isa = PBXBuildFile; fileRef = 286605A5246EBADF003F5FA0 /* SceneDelegate.swift */; };
		286605AA246EBAE5003F5FA0 /* Assets.xcassets in Resources */ = {isa = PBXBuildFile; fileRef = 286605A9246EBAE5003F5FA0 /* Assets.xcassets */; };
		286605AD246EBAE5003F5FA0 /* Preview Assets.xcassets in Resources */ = {isa = PBXBuildFile; fileRef = 286605AC246EBAE5003F5FA0 /* Preview Assets.xcassets */; };
		286605B0246EBAE5003F5FA0 /* LaunchScreen.storyboard in Resources */ = {isa = PBXBuildFile; fileRef = 286605AE246EBAE5003F5FA0 /* LaunchScreen.storyboard */; };
		286605B9246EC3E1003F5FA0 /* README.md in Resources */ = {isa = PBXBuildFile; fileRef = 286605B7246EC3E0003F5FA0 /* README.md */; };
		286605BA246EC3E1003F5FA0 /* screenshots in Resources */ = {isa = PBXBuildFile; fileRef = 286605B8246EC3E0003F5FA0 /* screenshots */; };
		286605C2246EC43F003F5FA0 /* Intro01Layout.swift in Sources */ = {isa = PBXBuildFile; fileRef = 286605BB246EC43D003F5FA0 /* Intro01Layout.swift */; };
		286605C3246EC43F003F5FA0 /* Intro02Alignment.swift in Sources */ = {isa = PBXBuildFile; fileRef = 286605BC246EC43D003F5FA0 /* Intro02Alignment.swift */; };
		286605C4246EC43F003F5FA0 /* Intro03CustomAlignment.swift in Sources */ = {isa = PBXBuildFile; fileRef = 286605BD246EC43E003F5FA0 /* Intro03CustomAlignment.swift */; };
		286605C5246EC43F003F5FA0 /* Intro04AbsolutePositioning.swift in Sources */ = {isa = PBXBuildFile; fileRef = 286605BE246EC43E003F5FA0 /* Intro04AbsolutePositioning.swift */; };
		286605C6246EC43F003F5FA0 /* Intro06ScrollViewEffect.swift in Sources */ = {isa = PBXBuildFile; fileRef = 286605BF246EC43E003F5FA0 /* Intro06ScrollViewEffect.swift */; };
		286605C8246EC43F003F5FA0 /* Intro05FramesAndCoordinates.swift in Sources */ = {isa = PBXBuildFile; fileRef = 286605C1246EC43F003F5FA0 /* Intro05FramesAndCoordinates.swift */; };
		286605CB246EC55A003F5FA0 /* ContentView.swift in Sources */ = {isa = PBXBuildFile; fileRef = 286605CA246EC55A003F5FA0 /* ContentView.swift */; };
/* End PBXBuildFile section */

/* Begin PBXFileReference section */
		286605A0246EBADF003F5FA0 /* 24_Project18_LayoutAndGeometry.app */ = {isa = PBXFileReference; explicitFileType = wrapper.application; includeInIndex = 0; path = 24_Project18_LayoutAndGeometry.app; sourceTree = BUILT_PRODUCTS_DIR; };
		286605A3246EBADF003F5FA0 /* AppDelegate.swift */ = {isa = PBXFileReference; lastKnownFileType = sourcecode.swift; path = AppDelegate.swift; sourceTree = "<group>"; };
		286605A5246EBADF003F5FA0 /* SceneDelegate.swift */ = {isa = PBXFileReference; lastKnownFileType = sourcecode.swift; path = SceneDelegate.swift; sourceTree = "<group>"; };
		286605A9246EBAE5003F5FA0 /* Assets.xcassets */ = {isa = PBXFileReference; lastKnownFileType = folder.assetcatalog; path = Assets.xcassets; sourceTree = "<group>"; };
		286605AC246EBAE5003F5FA0 /* Preview Assets.xcassets */ = {isa = PBXFileReference; lastKnownFileType = folder.assetcatalog; path = "Preview Assets.xcassets"; sourceTree = "<group>"; };
		286605AF246EBAE5003F5FA0 /* Base */ = {isa = PBXFileReference; lastKnownFileType = file.storyboard; name = Base; path = Base.lproj/LaunchScreen.storyboard; sourceTree = "<group>"; };
		286605B1246EBAE5003F5FA0 /* Info.plist */ = {isa = PBXFileReference; lastKnownFileType = text.plist.xml; path = Info.plist; sourceTree = "<group>"; };
		286605B7246EC3E0003F5FA0 /* README.md */ = {isa = PBXFileReference; fileEncoding = 4; lastKnownFileType = net.daringfireball.markdown; path = README.md; sourceTree = "<group>"; };
		286605B8246EC3E0003F5FA0 /* screenshots */ = {isa = PBXFileReference; lastKnownFileType = folder; path = screenshots; sourceTree = "<group>"; };
		286605BB246EC43D003F5FA0 /* Intro01Layout.swift */ = {isa = PBXFileReference; fileEncoding = 4; lastKnownFileType = sourcecode.swift; path = Intro01Layout.swift; sourceTree = "<group>"; };
		286605BC246EC43D003F5FA0 /* Intro02Alignment.swift */ = {isa = PBXFileReference; fileEncoding = 4; lastKnownFileType = sourcecode.swift; path = Intro02Alignment.swift; sourceTree = "<group>"; };
		286605BD246EC43E003F5FA0 /* Intro03CustomAlignment.swift */ = {isa = PBXFileReference; fileEncoding = 4; lastKnownFileType = sourcecode.swift; path = Intro03CustomAlignment.swift; sourceTree = "<group>"; };
		286605BE246EC43E003F5FA0 /* Intro04AbsolutePositioning.swift */ = {isa = PBXFileReference; fileEncoding = 4; lastKnownFileType = sourcecode.swift; path = Intro04AbsolutePositioning.swift; sourceTree = "<group>"; };
		286605BF246EC43E003F5FA0 /* Intro06ScrollViewEffect.swift */ = {isa = PBXFileReference; fileEncoding = 4; lastKnownFileType = sourcecode.swift; path = Intro06ScrollViewEffect.swift; sourceTree = "<group>"; };
		286605C1246EC43F003F5FA0 /* Intro05FramesAndCoordinates.swift */ = {isa = PBXFileReference; fileEncoding = 4; lastKnownFileType = sourcecode.swift; path = Intro05FramesAndCoordinates.swift; sourceTree = "<group>"; };
		286605CA246EC55A003F5FA0 /* ContentView.swift */ = {isa = PBXFileReference; fileEncoding = 4; lastKnownFileType = sourcecode.swift; path = ContentView.swift; sourceTree = "<group>"; };
/* End PBXFileReference section */

/* Begin PBXFrameworksBuildPhase section */
		2866059D246EBADF003F5FA0 /* Frameworks */ = {
			isa = PBXFrameworksBuildPhase;
			buildActionMask = 2147483647;
			files = (
			);
			runOnlyForDeploymentPostprocessing = 0;
		};
/* End PBXFrameworksBuildPhase section */

/* Begin PBXGroup section */
		28660597246EBADF003F5FA0 = {
			isa = PBXGroup;
			children = (
				286605B7246EC3E0003F5FA0 /* README.md */,
				286605B8246EC3E0003F5FA0 /* screenshots */,
				286605A2246EBADF003F5FA0 /* 24_Project18_LayoutAndGeometry */,
				286605A1246EBADF003F5FA0 /* Products */,
			);
			sourceTree = "<group>";
		};
		286605A1246EBADF003F5FA0 /* Products */ = {
			isa = PBXGroup;
			children = (
				286605A0246EBADF003F5FA0 /* 24_Project18_LayoutAndGeometry.app */,
			);
			name = Products;
			sourceTree = "<group>";
		};
		286605A2246EBADF003F5FA0 /* 24_Project18_LayoutAndGeometry */ = {
			isa = PBXGroup;
			children = (
				286605CA246EC55A003F5FA0 /* ContentView.swift */,
				286605CC246EC60E003F5FA0 /* Introduction */,
				286605C9246EC462003F5FA0 /* Init */,
				286605A9246EBAE5003F5FA0 /* Assets.xcassets */,
				286605B1246EBAE5003F5FA0 /* Info.plist */,
				286605AB246EBAE5003F5FA0 /* Preview Content */,
			);
			path = 24_Project18_LayoutAndGeometry;
			sourceTree = "<group>";
		};
		286605AB246EBAE5003F5FA0 /* Preview Content */ = {
			isa = PBXGroup;
			children = (
				286605AC246EBAE5003F5FA0 /* Preview Assets.xcassets */,
			);
			path = "Preview Content";
			sourceTree = "<group>";
		};
		286605C9246EC462003F5FA0 /* Init */ = {
			isa = PBXGroup;
			children = (
				286605A3246EBADF003F5FA0 /* AppDelegate.swift */,
				286605A5246EBADF003F5FA0 /* SceneDelegate.swift */,
				286605AE246EBAE5003F5FA0 /* LaunchScreen.storyboard */,
			);
			path = Init;
			sourceTree = "<group>";
		};
		286605CC246EC60E003F5FA0 /* Introduction */ = {
			isa = PBXGroup;
			children = (
				286605BB246EC43D003F5FA0 /* Intro01Layout.swift */,
				286605BC246EC43D003F5FA0 /* Intro02Alignment.swift */,
				286605BD246EC43E003F5FA0 /* Intro03CustomAlignment.swift */,
				286605BE246EC43E003F5FA0 /* Intro04AbsolutePositioning.swift */,
				286605C1246EC43F003F5FA0 /* Intro05FramesAndCoordinates.swift */,
				286605BF246EC43E003F5FA0 /* Intro06ScrollViewEffect.swift */,
			);
			path = Introduction;
			sourceTree = "<group>";
		};
/* End PBXGroup section */

/* Begin PBXNativeTarget section */
		2866059F246EBADF003F5FA0 /* 24_Project18_LayoutAndGeometry */ = {
			isa = PBXNativeTarget;
			buildConfigurationList = 286605B4246EBAE5003F5FA0 /* Build configuration list for PBXNativeTarget "24_Project18_LayoutAndGeometry" */;
			buildPhases = (
				2866059C246EBADF003F5FA0 /* Sources */,
				2866059D246EBADF003F5FA0 /* Frameworks */,
				2866059E246EBADF003F5FA0 /* Resources */,
			);
			buildRules = (
			);
			dependencies = (
			);
			name = 24_Project18_LayoutAndGeometry;
			productName = 24_Project18_LayoutAndGeometry;
			productReference = 286605A0246EBADF003F5FA0 /* 24_Project18_LayoutAndGeometry.app */;
			productType = "com.apple.product-type.application";
		};
/* End PBXNativeTarget section */

/* Begin PBXProject section */
		28660598246EBADF003F5FA0 /* Project object */ = {
			isa = PBXProject;
			attributes = {
				LastSwiftUpdateCheck = 1140;
				LastUpgradeCheck = 1140;
				ORGANIZATIONNAME = "Jacob Zhang";
				TargetAttributes = {
					2866059F246EBADF003F5FA0 = {
						CreatedOnToolsVersion = 11.4.1;
					};
				};
			};
			buildConfigurationList = 2866059B246EBADF003F5FA0 /* Build configuration list for PBXProject "24_Project18_LayoutAndGeometry" */;
			compatibilityVersion = "Xcode 9.3";
			developmentRegion = en;
			hasScannedForEncodings = 0;
			knownRegions = (
				en,
				Base,
			);
			mainGroup = 28660597246EBADF003F5FA0;
			productRefGroup = 286605A1246EBADF003F5FA0 /* Products */;
			projectDirPath = "";
			projectRoot = "";
			targets = (
				2866059F246EBADF003F5FA0 /* 24_Project18_LayoutAndGeometry */,
			);
		};
/* End PBXProject section */

/* Begin PBXResourcesBuildPhase section */
		2866059E246EBADF003F5FA0 /* Resources */ = {
			isa = PBXResourcesBuildPhase;
			buildActionMask = 2147483647;
			files = (
				286605B0246EBAE5003F5FA0 /* LaunchScreen.storyboard in Resources */,
				286605AD246EBAE5003F5FA0 /* Preview Assets.xcassets in Resources */,
				286605B9246EC3E1003F5FA0 /* README.md in Resources */,
				286605BA246EC3E1003F5FA0 /* screenshots in Resources */,
				286605AA246EBAE5003F5FA0 /* Assets.xcassets in Resources */,
			);
			runOnlyForDeploymentPostprocessing = 0;
		};
/* End PBXResourcesBuildPhase section */

/* Begin PBXSourcesBuildPhase section */
		2866059C246EBADF003F5FA0 /* Sources */ = {
			isa = PBXSourcesBuildPhase;
			buildActionMask = 2147483647;
			files = (
				286605C4246EC43F003F5FA0 /* Intro03CustomAlignment.swift in Sources */,
				286605C8246EC43F003F5FA0 /* Intro05FramesAndCoordinates.swift in Sources */,
				286605C6246EC43F003F5FA0 /* Intro06ScrollViewEffect.swift in Sources */,
				286605A4246EBADF003F5FA0 /* AppDelegate.swift in Sources */,
				286605C2246EC43F003F5FA0 /* Intro01Layout.swift in Sources */,
				286605CB246EC55A003F5FA0 /* ContentView.swift in Sources */,
				286605A6246EBADF003F5FA0 /* SceneDelegate.swift in Sources */,
				286605C5246EC43F003F5FA0 /* Intro04AbsolutePositioning.swift in Sources */,
				286605C3246EC43F003F5FA0 /* Intro02Alignment.swift in Sources */,
			);
			runOnlyForDeploymentPostprocessing = 0;
		};
/* End PBXSourcesBuildPhase section */

/* Begin PBXVariantGroup section */
		286605AE246EBAE5003F5FA0 /* LaunchScreen.storyboard */ = {
			isa = PBXVariantGroup;
			children = (
				286605AF246EBAE5003F5FA0 /* Base */,
			);
			name = LaunchScreen.storyboard;
			sourceTree = "<group>";
		};
/* End PBXVariantGroup section */

/* Begin XCBuildConfiguration section */
		286605B2246EBAE5003F5FA0 /* Debug */ = {
			isa = XCBuildConfiguration;
			buildSettings = {
				ALWAYS_SEARCH_USER_PATHS = NO;
				CLANG_ANALYZER_NONNULL = YES;
				CLANG_ANALYZER_NUMBER_OBJECT_CONVERSION = YES_AGGRESSIVE;
				CLANG_CXX_LANGUAGE_STANDARD = "gnu++14";
				CLANG_CXX_LIBRARY = "libc++";
				CLANG_ENABLE_MODULES = YES;
				CLANG_ENABLE_OBJC_ARC = YES;
				CLANG_ENABLE_OBJC_WEAK = YES;
				CLANG_WARN_BLOCK_CAPTURE_AUTORELEASING = YES;
				CLANG_WARN_BOOL_CONVERSION = YES;
				CLANG_WARN_COMMA = YES;
				CLANG_WARN_CONSTANT_CONVERSION = YES;
				CLANG_WARN_DEPRECATED_OBJC_IMPLEMENTATIONS = YES;
				CLANG_WARN_DIRECT_OBJC_ISA_USAGE = YES_ERROR;
				CLANG_WARN_DOCUMENTATION_COMMENTS = YES;
				CLANG_WARN_EMPTY_BODY = YES;
				CLANG_WARN_ENUM_CONVERSION = YES;
				CLANG_WARN_INFINITE_RECURSION = YES;
				CLANG_WARN_INT_CONVERSION = YES;
				CLANG_WARN_NON_LITERAL_NULL_CONVERSION = YES;
				CLANG_WARN_OBJC_IMPLICIT_RETAIN_SELF = YES;
				CLANG_WARN_OBJC_LITERAL_CONVERSION = YES;
				CLANG_WARN_OBJC_ROOT_CLASS = YES_ERROR;
				CLANG_WARN_RANGE_LOOP_ANALYSIS = YES;
				CLANG_WARN_STRICT_PROTOTYPES = YES;
				CLANG_WARN_SUSPICIOUS_MOVE = YES;
				CLANG_WARN_UNGUARDED_AVAILABILITY = YES_AGGRESSIVE;
				CLANG_WARN_UNREACHABLE_CODE = YES;
				CLANG_WARN__DUPLICATE_METHOD_MATCH = YES;
				COPY_PHASE_STRIP = NO;
				DEBUG_INFORMATION_FORMAT = dwarf;
				ENABLE_STRICT_OBJC_MSGSEND = YES;
				ENABLE_TESTABILITY = YES;
				GCC_C_LANGUAGE_STANDARD = gnu11;
				GCC_DYNAMIC_NO_PIC = NO;
				GCC_NO_COMMON_BLOCKS = YES;
				GCC_OPTIMIZATION_LEVEL = 0;
				GCC_PREPROCESSOR_DEFINITIONS = (
					"DEBUG=1",
					"$(inherited)",
				);
				GCC_WARN_64_TO_32_BIT_CONVERSION = YES;
				GCC_WARN_ABOUT_RETURN_TYPE = YES_ERROR;
				GCC_WARN_UNDECLARED_SELECTOR = YES;
				GCC_WARN_UNINITIALIZED_AUTOS = YES_AGGRESSIVE;
				GCC_WARN_UNUSED_FUNCTION = YES;
				GCC_WARN_UNUSED_VARIABLE = YES;
				IPHONEOS_DEPLOYMENT_TARGET = 13.4;
				MTL_ENABLE_DEBUG_INFO = INCLUDE_SOURCE;
				MTL_FAST_MATH = YES;
				ONLY_ACTIVE_ARCH = YES;
				SDKROOT = iphoneos;
				SWIFT_ACTIVE_COMPILATION_CONDITIONS = DEBUG;
				SWIFT_OPTIMIZATION_LEVEL = "-Onone";
			};
			name = Debug;
		};
		286605B3246EBAE5003F5FA0 /* Release */ = {
			isa = XCBuildConfiguration;
			buildSettings = {
				ALWAYS_SEARCH_USER_PATHS = NO;
				CLANG_ANALYZER_NONNULL = YES;
				CLANG_ANALYZER_NUMBER_OBJECT_CONVERSION = YES_AGGRESSIVE;
				CLANG_CXX_LANGUAGE_STANDARD = "gnu++14";
				CLANG_CXX_LIBRARY = "libc++";
				CLANG_ENABLE_MODULES = YES;
				CLANG_ENABLE_OBJC_ARC = YES;
				CLANG_ENABLE_OBJC_WEAK = YES;
				CLANG_WARN_BLOCK_CAPTURE_AUTORELEASING = YES;
				CLANG_WARN_BOOL_CONVERSION = YES;
				CLANG_WARN_COMMA = YES;
				CLANG_WARN_CONSTANT_CONVERSION = YES;
				CLANG_WARN_DEPRECATED_OBJC_IMPLEMENTATIONS = YES;
				CLANG_WARN_DIRECT_OBJC_ISA_USAGE = YES_ERROR;
				CLANG_WARN_DOCUMENTATION_COMMENTS = YES;
				CLANG_WARN_EMPTY_BODY = YES;
				CLANG_WARN_ENUM_CONVERSION = YES;
				CLANG_WARN_INFINITE_RECURSION = YES;
				CLANG_WARN_INT_CONVERSION = YES;
				CLANG_WARN_NON_LITERAL_NULL_CONVERSION = YES;
				CLANG_WARN_OBJC_IMPLICIT_RETAIN_SELF = YES;
				CLANG_WARN_OBJC_LITERAL_CONVERSION = YES;
				CLANG_WARN_OBJC_ROOT_CLASS = YES_ERROR;
				CLANG_WARN_RANGE_LOOP_ANALYSIS = YES;
				CLANG_WARN_STRICT_PROTOTYPES = YES;
				CLANG_WARN_SUSPICIOUS_MOVE = YES;
				CLANG_WARN_UNGUARDED_AVAILABILITY = YES_AGGRESSIVE;
				CLANG_WARN_UNREACHABLE_CODE = YES;
				CLANG_WARN__DUPLICATE_METHOD_MATCH = YES;
				COPY_PHASE_STRIP = NO;
				DEBUG_INFORMATION_FORMAT = "dwarf-with-dsym";
				ENABLE_NS_ASSERTIONS = NO;
				ENABLE_STRICT_OBJC_MSGSEND = YES;
				GCC_C_LANGUAGE_STANDARD = gnu11;
				GCC_NO_COMMON_BLOCKS = YES;
				GCC_WARN_64_TO_32_BIT_CONVERSION = YES;
				GCC_WARN_ABOUT_RETURN_TYPE = YES_ERROR;
				GCC_WARN_UNDECLARED_SELECTOR = YES;
				GCC_WARN_UNINITIALIZED_AUTOS = YES_AGGRESSIVE;
				GCC_WARN_UNUSED_FUNCTION = YES;
				GCC_WARN_UNUSED_VARIABLE = YES;
				IPHONEOS_DEPLOYMENT_TARGET = 13.4;
				MTL_ENABLE_DEBUG_INFO = NO;
				MTL_FAST_MATH = YES;
				SDKROOT = iphoneos;
				SWIFT_COMPILATION_MODE = wholemodule;
				SWIFT_OPTIMIZATION_LEVEL = "-O";
				VALIDATE_PRODUCT = YES;
			};
			name = Release;
		};
		286605B5246EBAE5003F5FA0 /* Debug */ = {
			isa = XCBuildConfiguration;
			buildSettings = {
				ASSETCATALOG_COMPILER_APPICON_NAME = AppIcon;
				CODE_SIGN_STYLE = Automatic;
				DEVELOPMENT_ASSET_PATHS = "\"24_Project18_LayoutAndGeometry/Preview Content\"";
				DEVELOPMENT_TEAM = XTMU73TLWU;
				ENABLE_PREVIEWS = YES;
				INFOPLIST_FILE = 24_Project18_LayoutAndGeometry/Info.plist;
				LD_RUNPATH_SEARCH_PATHS = (
					"$(inherited)",
					"@executable_path/Frameworks",
				);
				PRODUCT_BUNDLE_IDENTIFIER = "com.jacob.-4-Project18-LayoutAndGeometry";
				PRODUCT_NAME = "$(TARGET_NAME)";
				SWIFT_VERSION = 5.0;
				TARGETED_DEVICE_FAMILY = "1,2";
			};
			name = Debug;
		};
		286605B6246EBAE5003F5FA0 /* Release */ = {
			isa = XCBuildConfiguration;
			buildSettings = {
				ASSETCATALOG_COMPILER_APPICON_NAME = AppIcon;
				CODE_SIGN_STYLE = Automatic;
				DEVELOPMENT_ASSET_PATHS = "\"24_Project18_LayoutAndGeometry/Preview Content\"";
				DEVELOPMENT_TEAM = XTMU73TLWU;
				ENABLE_PREVIEWS = YES;
				INFOPLIST_FILE = 24_Project18_LayoutAndGeometry/Info.plist;
				LD_RUNPATH_SEARCH_PATHS = (
					"$(inherited)",
					"@executable_path/Frameworks",
				);
				PRODUCT_BUNDLE_IDENTIFIER = "com.jacob.-4-Project18-LayoutAndGeometry";
				PRODUCT_NAME = "$(TARGET_NAME)";
				SWIFT_VERSION = 5.0;
				TARGETED_DEVICE_FAMILY = "1,2";
			};
			name = Release;
		};
/* End XCBuildConfiguration section */

/* Begin XCConfigurationList section */
		2866059B246EBADF003F5FA0 /* Build configuration list for PBXProject "24_Project18_LayoutAndGeometry" */ = {
			isa = XCConfigurationList;
			buildConfigurations = (
				286605B2246EBAE5003F5FA0 /* Debug */,
				286605B3246EBAE5003F5FA0 /* Release */,
			);
			defaultConfigurationIsVisible = 0;
			defaultConfigurationName = Release;
		};
		286605B4246EBAE5003F5FA0 /* Build configuration list for PBXNativeTarget "24_Project18_LayoutAndGeometry" */ = {
			isa = XCConfigurationList;
			buildConfigurations = (
				286605B5246EBAE5003F5FA0 /* Debug */,
				286605B6246EBAE5003F5FA0 /* Release */,
			);
			defaultConfigurationIsVisible = 0;
			defaultConfigurationName = Release;
		};
/* End XCConfigurationList section */
	};
	rootObject = 28660598246EBADF003F5FA0 /* Project object */;
}
