// !$*UTF8*$!
{
	archiveVersion = 1;
	classes = {
	};
	objectVersion = 50;
	objects = {

/* Begin PBXBuildFile section */
		2828026E246D29FD00A8ED6E /* AppDelegate.swift in Sources */ = {isa = PBXBuildFile; fileRef = 2828026D246D29FD00A8ED6E /* AppDelegate.swift */; };
		28280270246D29FD00A8ED6E /* SceneDelegate.swift in Sources */ = {isa = PBXBuildFile; fileRef = 2828026F246D29FD00A8ED6E /* SceneDelegate.swift */; };
		28280274246D29FF00A8ED6E /* Assets.xcassets in Resources */ = {isa = PBXBuildFile; fileRef = 28280273246D29FF00A8ED6E /* Assets.xcassets */; };
		28280277246D29FF00A8ED6E /* Preview Assets.xcassets in Resources */ = {isa = PBXBuildFile; fileRef = 28280276246D29FF00A8ED6E /* Preview Assets.xcassets */; };
		2828027A246D29FF00A8ED6E /* LaunchScreen.storyboard in Resources */ = {isa = PBXBuildFile; fileRef = 28280278246D29FF00A8ED6E /* LaunchScreen.storyboard */; };
		28280283246D38D400A8ED6E /* screenshots in Resources */ = {isa = PBXBuildFile; fileRef = 28280281246D38D300A8ED6E /* screenshots */; };
		28280284246D38D400A8ED6E /* README.md in Resources */ = {isa = PBXBuildFile; fileRef = 28280282246D38D400A8ED6E /* README.md */; };
		2828029B246D38F800A8ED6E /* Intro03TransparentGroups.swift in Sources */ = {isa = PBXBuildFile; fileRef = 28280286246D38F700A8ED6E /* Intro03TransparentGroups.swift */; };
		2828029C246D38F800A8ED6E /* Intro02AlertAndSheet.swift in Sources */ = {isa = PBXBuildFile; fileRef = 28280287246D38F700A8ED6E /* Intro02AlertAndSheet.swift */; };
		2828029D246D38F800A8ED6E /* Intro01SideBySideViews.swift in Sources */ = {isa = PBXBuildFile; fileRef = 28280288246D38F700A8ED6E /* Intro01SideBySideViews.swift */; };
		2828029E246D38F800A8ED6E /* Favorites.swift in Sources */ = {isa = PBXBuildFile; fileRef = 2828028A246D38F700A8ED6E /* Favorites.swift */; };
		2828029F246D38F800A8ED6E /* Facility.swift in Sources */ = {isa = PBXBuildFile; fileRef = 2828028B246D38F700A8ED6E /* Facility.swift */; };
		282802A0246D38F800A8ED6E /* Bundle-Decodable.swift in Sources */ = {isa = PBXBuildFile; fileRef = 2828028D246D38F700A8ED6E /* Bundle-Decodable.swift */; };
		282802A1246D38F800A8ED6E /* resorts.json in Resources */ = {isa = PBXBuildFile; fileRef = 2828028E246D38F700A8ED6E /* resorts.json */; };
		282802A2246D38F800A8ED6E /* Resort.swift in Sources */ = {isa = PBXBuildFile; fileRef = 2828028F246D38F700A8ED6E /* Resort.swift */; };
		282802A3246D38F800A8ED6E /* ResortView.swift in Sources */ = {isa = PBXBuildFile; fileRef = 28280291246D38F800A8ED6E /* ResortView.swift */; };
		282802A4246D38F800A8ED6E /* View-PhoneOnlyStackNavigationView.swift in Sources */ = {isa = PBXBuildFile; fileRef = 28280293246D38F800A8ED6E /* View-PhoneOnlyStackNavigationView.swift */; };
		282802A5246D38F800A8ED6E /* Facility-ViewUtils.swift in Sources */ = {isa = PBXBuildFile; fileRef = 28280294246D38F800A8ED6E /* Facility-ViewUtils.swift */; };
		282802A6246D38F800A8ED6E /* Resort-ViewUtils.swift in Sources */ = {isa = PBXBuildFile; fileRef = 28280295246D38F800A8ED6E /* Resort-ViewUtils.swift */; };
		282802A7246D38F800A8ED6E /* SkiDetailsView.swift in Sources */ = {isa = PBXBuildFile; fileRef = 28280296246D38F800A8ED6E /* SkiDetailsView.swift */; };
		282802A8246D38F800A8ED6E /* WelcomeView.swift in Sources */ = {isa = PBXBuildFile; fileRef = 28280297246D38F800A8ED6E /* WelcomeView.swift */; };
		282802A9246D38F800A8ED6E /* ResortDetailsView.swift in Sources */ = {isa = PBXBuildFile; fileRef = 28280298246D38F800A8ED6E /* ResortDetailsView.swift */; };
		282802AA246D38F800A8ED6E /* ContentView.swift in Sources */ = {isa = PBXBuildFile; fileRef = 28280299246D38F800A8ED6E /* ContentView.swift */; };
		282802AB246D38F800A8ED6E /* SortAndFilterView.swift in Sources */ = {isa = PBXBuildFile; fileRef = 2828029A246D38F800A8ED6E /* SortAndFilterView.swift */; };
/* End PBXBuildFile section */

/* Begin PBXFileReference section */
		2828026A246D29FD00A8ED6E /* 26_Project19_SnowSeeker.app */ = {isa = PBXFileReference; explicitFileType = wrapper.application; includeInIndex = 0; path = 26_Project19_SnowSeeker.app; sourceTree = BUILT_PRODUCTS_DIR; };
		2828026D246D29FD00A8ED6E /* AppDelegate.swift */ = {isa = PBXFileReference; lastKnownFileType = sourcecode.swift; path = AppDelegate.swift; sourceTree = "<group>"; };
		2828026F246D29FD00A8ED6E /* SceneDelegate.swift */ = {isa = PBXFileReference; lastKnownFileType = sourcecode.swift; path = SceneDelegate.swift; sourceTree = "<group>"; };
		28280273246D29FF00A8ED6E /* Assets.xcassets */ = {isa = PBXFileReference; lastKnownFileType = folder.assetcatalog; path = Assets.xcassets; sourceTree = "<group>"; };
		28280276246D29FF00A8ED6E /* Preview Assets.xcassets */ = {isa = PBXFileReference; lastKnownFileType = folder.assetcatalog; path = "Preview Assets.xcassets"; sourceTree = "<group>"; };
		28280279246D29FF00A8ED6E /* Base */ = {isa = PBXFileReference; lastKnownFileType = file.storyboard; name = Base; path = Base.lproj/LaunchScreen.storyboard; sourceTree = "<group>"; };
		2828027B246D29FF00A8ED6E /* Info.plist */ = {isa = PBXFileReference; lastKnownFileType = text.plist.xml; path = Info.plist; sourceTree = "<group>"; };
		28280281246D38D300A8ED6E /* screenshots */ = {isa = PBXFileReference; lastKnownFileType = folder; path = screenshots; sourceTree = "<group>"; };
		28280282246D38D400A8ED6E /* README.md */ = {isa = PBXFileReference; fileEncoding = 4; lastKnownFileType = net.daringfireball.markdown; path = README.md; sourceTree = "<group>"; };
		28280286246D38F700A8ED6E /* Intro03TransparentGroups.swift */ = {isa = PBXFileReference; fileEncoding = 4; lastKnownFileType = sourcecode.swift; path = Intro03TransparentGroups.swift; sourceTree = "<group>"; };
		28280287246D38F700A8ED6E /* Intro02AlertAndSheet.swift */ = {isa = PBXFileReference; fileEncoding = 4; lastKnownFileType = sourcecode.swift; path = Intro02AlertAndSheet.swift; sourceTree = "<group>"; };
		28280288246D38F700A8ED6E /* Intro01SideBySideViews.swift */ = {isa = PBXFileReference; fileEncoding = 4; lastKnownFileType = sourcecode.swift; path = Intro01SideBySideViews.swift; sourceTree = "<group>"; };
		2828028A246D38F700A8ED6E /* Favorites.swift */ = {isa = PBXFileReference; fileEncoding = 4; lastKnownFileType = sourcecode.swift; path = Favorites.swift; sourceTree = "<group>"; };
		2828028B246D38F700A8ED6E /* Facility.swift */ = {isa = PBXFileReference; fileEncoding = 4; lastKnownFileType = sourcecode.swift; path = Facility.swift; sourceTree = "<group>"; };
		2828028D246D38F700A8ED6E /* Bundle-Decodable.swift */ = {isa = PBXFileReference; fileEncoding = 4; lastKnownFileType = sourcecode.swift; path = "Bundle-Decodable.swift"; sourceTree = "<group>"; };
		2828028E246D38F700A8ED6E /* resorts.json */ = {isa = PBXFileReference; fileEncoding = 4; lastKnownFileType = text.json; path = resorts.json; sourceTree = "<group>"; };
		2828028F246D38F700A8ED6E /* Resort.swift */ = {isa = PBXFileReference; fileEncoding = 4; lastKnownFileType = sourcecode.swift; path = Resort.swift; sourceTree = "<group>"; };
		28280291246D38F800A8ED6E /* ResortView.swift */ = {isa = PBXFileReference; fileEncoding = 4; lastKnownFileType = sourcecode.swift; path = ResortView.swift; sourceTree = "<group>"; };
		28280293246D38F800A8ED6E /* View-PhoneOnlyStackNavigationView.swift */ = {isa = PBXFileReference; fileEncoding = 4; lastKnownFileType = sourcecode.swift; path = "View-PhoneOnlyStackNavigationView.swift"; sourceTree = "<group>"; };
		28280294246D38F800A8ED6E /* Facility-ViewUtils.swift */ = {isa = PBXFileReference; fileEncoding = 4; lastKnownFileType = sourcecode.swift; path = "Facility-ViewUtils.swift"; sourceTree = "<group>"; };
		28280295246D38F800A8ED6E /* Resort-ViewUtils.swift */ = {isa = PBXFileReference; fileEncoding = 4; lastKnownFileType = sourcecode.swift; path = "Resort-ViewUtils.swift"; sourceTree = "<group>"; };
		28280296246D38F800A8ED6E /* SkiDetailsView.swift */ = {isa = PBXFileReference; fileEncoding = 4; lastKnownFileType = sourcecode.swift; path = SkiDetailsView.swift; sourceTree = "<group>"; };
		28280297246D38F800A8ED6E /* WelcomeView.swift */ = {isa = PBXFileReference; fileEncoding = 4; lastKnownFileType = sourcecode.swift; path = WelcomeView.swift; sourceTree = "<group>"; };
		28280298246D38F800A8ED6E /* ResortDetailsView.swift */ = {isa = PBXFileReference; fileEncoding = 4; lastKnownFileType = sourcecode.swift; path = ResortDetailsView.swift; sourceTree = "<group>"; };
		28280299246D38F800A8ED6E /* ContentView.swift */ = {isa = PBXFileReference; fileEncoding = 4; lastKnownFileType = sourcecode.swift; path = ContentView.swift; sourceTree = "<group>"; };
		2828029A246D38F800A8ED6E /* SortAndFilterView.swift */ = {isa = PBXFileReference; fileEncoding = 4; lastKnownFileType = sourcecode.swift; path = SortAndFilterView.swift; sourceTree = "<group>"; };
/* End PBXFileReference section */

/* Begin PBXFrameworksBuildPhase section */
		28280267246D29FD00A8ED6E /* Frameworks */ = {
			isa = PBXFrameworksBuildPhase;
			buildActionMask = 2147483647;
			files = (
			);
			runOnlyForDeploymentPostprocessing = 0;
		};
/* End PBXFrameworksBuildPhase section */

/* Begin PBXGroup section */
		28280261246D29FD00A8ED6E = {
			isa = PBXGroup;
			children = (
				28280282246D38D400A8ED6E /* README.md */,
				28280281246D38D300A8ED6E /* screenshots */,
				2828026C246D29FD00A8ED6E /* 26_Project19_SnowSeeker */,
				2828026B246D29FD00A8ED6E /* Products */,
			);
			sourceTree = "<group>";
		};
		2828026B246D29FD00A8ED6E /* Products */ = {
			isa = PBXGroup;
			children = (
				2828026A246D29FD00A8ED6E /* 26_Project19_SnowSeeker.app */,
			);
			name = Products;
			sourceTree = "<group>";
		};
		2828026C246D29FD00A8ED6E /* 26_Project19_SnowSeeker */ = {
			isa = PBXGroup;
			children = (
				28280285246D38F700A8ED6E /* Introduction */,
				282802AC246D390500A8ED6E /* Init */,
				28280289246D38F700A8ED6E /* Model */,
				28280290246D38F800A8ED6E /* View */,
				28280273246D29FF00A8ED6E /* Assets.xcassets */,
				2828027B246D29FF00A8ED6E /* Info.plist */,
				28280275246D29FF00A8ED6E /* Preview Content */,
			);
			path = 26_Project19_SnowSeeker;
			sourceTree = "<group>";
		};
		28280275246D29FF00A8ED6E /* Preview Content */ = {
			isa = PBXGroup;
			children = (
				28280276246D29FF00A8ED6E /* Preview Assets.xcassets */,
			);
			path = "Preview Content";
			sourceTree = "<group>";
		};
		28280285246D38F700A8ED6E /* Introduction */ = {
			isa = PBXGroup;
			children = (
				28280286246D38F700A8ED6E /* Intro03TransparentGroups.swift */,
				28280287246D38F700A8ED6E /* Intro02AlertAndSheet.swift */,
				28280288246D38F700A8ED6E /* Intro01SideBySideViews.swift */,
			);
			path = Introduction;
			sourceTree = "<group>";
		};
		28280289246D38F700A8ED6E /* Model */ = {
			isa = PBXGroup;
			children = (
				2828028A246D38F700A8ED6E /* Favorites.swift */,
				2828028B246D38F700A8ED6E /* Facility.swift */,
				2828028C246D38F700A8ED6E /* Utils */,
				2828028E246D38F700A8ED6E /* resorts.json */,
				2828028F246D38F700A8ED6E /* Resort.swift */,
			);
			path = Model;
			sourceTree = "<group>";
		};
		2828028C246D38F700A8ED6E /* Utils */ = {
			isa = PBXGroup;
			children = (
				2828028D246D38F700A8ED6E /* Bundle-Decodable.swift */,
			);
			path = Utils;
			sourceTree = "<group>";
		};
		28280290246D38F800A8ED6E /* View */ = {
			isa = PBXGroup;
			children = (
				28280291246D38F800A8ED6E /* ResortView.swift */,
				28280292246D38F800A8ED6E /* Utils */,
				28280296246D38F800A8ED6E /* SkiDetailsView.swift */,
				28280297246D38F800A8ED6E /* WelcomeView.swift */,
				28280298246D38F800A8ED6E /* ResortDetailsView.swift */,
				28280299246D38F800A8ED6E /* ContentView.swift */,
				2828029A246D38F800A8ED6E /* SortAndFilterView.swift */,
			);
			path = View;
			sourceTree = "<group>";
		};
		28280292246D38F800A8ED6E /* Utils */ = {
			isa = PBXGroup;
			children = (
				28280293246D38F800A8ED6E /* View-PhoneOnlyStackNavigationView.swift */,
				28280294246D38F800A8ED6E /* Facility-ViewUtils.swift */,
				28280295246D38F800A8ED6E /* Resort-ViewUtils.swift */,
			);
			path = Utils;
			sourceTree = "<group>";
		};
		282802AC246D390500A8ED6E /* Init */ = {
			isa = PBXGroup;
			children = (
				2828026D246D29FD00A8ED6E /* AppDelegate.swift */,
				2828026F246D29FD00A8ED6E /* SceneDelegate.swift */,
				28280278246D29FF00A8ED6E /* LaunchScreen.storyboard */,
			);
			path = Init;
			sourceTree = "<group>";
		};
/* End PBXGroup section */

/* Begin PBXNativeTarget section */
		28280269246D29FD00A8ED6E /* 26_Project19_SnowSeeker */ = {
			isa = PBXNativeTarget;
			buildConfigurationList = 2828027E246D29FF00A8ED6E /* Build configuration list for PBXNativeTarget "26_Project19_SnowSeeker" */;
			buildPhases = (
				28280266246D29FD00A8ED6E /* Sources */,
				28280267246D29FD00A8ED6E /* Frameworks */,
				28280268246D29FD00A8ED6E /* Resources */,
			);
			buildRules = (
			);
			dependencies = (
			);
			name = 26_Project19_SnowSeeker;
			productName = 26_Project19_SnowSeeker;
			productReference = 2828026A246D29FD00A8ED6E /* 26_Project19_SnowSeeker.app */;
			productType = "com.apple.product-type.application";
		};
/* End PBXNativeTarget section */

/* Begin PBXProject section */
		28280262246D29FD00A8ED6E /* Project object */ = {
			isa = PBXProject;
			attributes = {
				LastSwiftUpdateCheck = 1130;
				LastUpgradeCheck = 1130;
				ORGANIZATIONNAME = "Jacob Zhang";
				TargetAttributes = {
					28280269246D29FD00A8ED6E = {
						CreatedOnToolsVersion = 11.3.1;
					};
				};
			};
			buildConfigurationList = 28280265246D29FD00A8ED6E /* Build configuration list for PBXProject "26_Project19_SnowSeeker" */;
			compatibilityVersion = "Xcode 9.3";
			developmentRegion = en;
			hasScannedForEncodings = 0;
			knownRegions = (
				en,
				Base,
			);
			mainGroup = 28280261246D29FD00A8ED6E;
			productRefGroup = 2828026B246D29FD00A8ED6E /* Products */;
			projectDirPath = "";
			projectRoot = "";
			targets = (
				28280269246D29FD00A8ED6E /* 26_Project19_SnowSeeker */,
			);
		};
/* End PBXProject section */

/* Begin PBXResourcesBuildPhase section */
		28280268246D29FD00A8ED6E /* Resources */ = {
			isa = PBXResourcesBuildPhase;
			buildActionMask = 2147483647;
			files = (
				282802A1246D38F800A8ED6E /* resorts.json in Resources */,
				28280283246D38D400A8ED6E /* screenshots in Resources */,
				2828027A246D29FF00A8ED6E /* LaunchScreen.storyboard in Resources */,
				28280284246D38D400A8ED6E /* README.md in Resources */,
				28280277246D29FF00A8ED6E /* Preview Assets.xcassets in Resources */,
				28280274246D29FF00A8ED6E /* Assets.xcassets in Resources */,
			);
			runOnlyForDeploymentPostprocessing = 0;
		};
/* End PBXResourcesBuildPhase section */

/* Begin PBXSourcesBuildPhase section */
		28280266246D29FD00A8ED6E /* Sources */ = {
			isa = PBXSourcesBuildPhase;
			buildActionMask = 2147483647;
			files = (
				282802A2246D38F800A8ED6E /* Resort.swift in Sources */,
				282802A7246D38F800A8ED6E /* SkiDetailsView.swift in Sources */,
				2828026E246D29FD00A8ED6E /* AppDelegate.swift in Sources */,
				282802A8246D38F800A8ED6E /* WelcomeView.swift in Sources */,
				2828029D246D38F800A8ED6E /* Intro01SideBySideViews.swift in Sources */,
				282802A6246D38F800A8ED6E /* Resort-ViewUtils.swift in Sources */,
				282802A3246D38F800A8ED6E /* ResortView.swift in Sources */,
				28280270246D29FD00A8ED6E /* SceneDelegate.swift in Sources */,
				2828029C246D38F800A8ED6E /* Intro02AlertAndSheet.swift in Sources */,
				282802AB246D38F800A8ED6E /* SortAndFilterView.swift in Sources */,
				2828029E246D38F800A8ED6E /* Favorites.swift in Sources */,
				282802A0246D38F800A8ED6E /* Bundle-Decodable.swift in Sources */,
				282802A5246D38F800A8ED6E /* Facility-ViewUtils.swift in Sources */,
				2828029B246D38F800A8ED6E /* Intro03TransparentGroups.swift in Sources */,
				2828029F246D38F800A8ED6E /* Facility.swift in Sources */,
				282802AA246D38F800A8ED6E /* ContentView.swift in Sources */,
				282802A9246D38F800A8ED6E /* ResortDetailsView.swift in Sources */,
				282802A4246D38F800A8ED6E /* View-PhoneOnlyStackNavigationView.swift in Sources */,
			);
			runOnlyForDeploymentPostprocessing = 0;
		};
/* End PBXSourcesBuildPhase section */

/* Begin PBXVariantGroup section */
		28280278246D29FF00A8ED6E /* LaunchScreen.storyboard */ = {
			isa = PBXVariantGroup;
			children = (
				28280279246D29FF00A8ED6E /* Base */,
			);
			name = LaunchScreen.storyboard;
			sourceTree = "<group>";
		};
/* End PBXVariantGroup section */

/* Begin XCBuildConfiguration section */
		2828027C246D29FF00A8ED6E /* Debug */ = {
			isa = XCBuildConfiguration;
			buildSettings = {
				ALWAYS_SEARCH_USER_PATHS = NO;
				CLANG_ANALYZER_NONNULL = YES;
				CLANG_ANALYZER_NUMBER_OBJECT_CONVERSION = YES_AGGRESSIVE;
				CLANG_CXX_LANGUAGE_STANDARD = "gnu++14";
				CLANG_CXX_LIBRARY = "libc++";
				CLANG_ENABLE_MODULES = YES;
				CLANG_ENABLE_OBJC_ARC = YES;
				CLANG_ENABLE_OBJC_WEAK = YES;
				CLANG_WARN_BLOCK_CAPTURE_AUTORELEASING = YES;
				CLANG_WARN_BOOL_CONVERSION = YES;
				CLANG_WARN_COMMA = YES;
				CLANG_WARN_CONSTANT_CONVERSION = YES;
				CLANG_WARN_DEPRECATED_OBJC_IMPLEMENTATIONS = YES;
				CLANG_WARN_DIRECT_OBJC_ISA_USAGE = YES_ERROR;
				CLANG_WARN_DOCUMENTATION_COMMENTS = YES;
				CLANG_WARN_EMPTY_BODY = YES;
				CLANG_WARN_ENUM_CONVERSION = YES;
				CLANG_WARN_INFINITE_RECURSION = YES;
				CLANG_WARN_INT_CONVERSION = YES;
				CLANG_WARN_NON_LITERAL_NULL_CONVERSION = YES;
				CLANG_WARN_OBJC_IMPLICIT_RETAIN_SELF = YES;
				CLANG_WARN_OBJC_LITERAL_CONVERSION = YES;
				CLANG_WARN_OBJC_ROOT_CLASS = YES_ERROR;
				CLANG_WARN_RANGE_LOOP_ANALYSIS = YES;
				CLANG_WARN_STRICT_PROTOTYPES = YES;
				CLANG_WARN_SUSPICIOUS_MOVE = YES;
				CLANG_WARN_UNGUARDED_AVAILABILITY = YES_AGGRESSIVE;
				CLANG_WARN_UNREACHABLE_CODE = YES;
				CLANG_WARN__DUPLICATE_METHOD_MATCH = YES;
				COPY_PHASE_STRIP = NO;
				DEBUG_INFORMATION_FORMAT = dwarf;
				ENABLE_STRICT_OBJC_MSGSEND = YES;
				ENABLE_TESTABILITY = YES;
				GCC_C_LANGUAGE_STANDARD = gnu11;
				GCC_DYNAMIC_NO_PIC = NO;
				GCC_NO_COMMON_BLOCKS = YES;
				GCC_OPTIMIZATION_LEVEL = 0;
				GCC_PREPROCESSOR_DEFINITIONS = (
					"DEBUG=1",
					"$(inherited)",
				);
				GCC_WARN_64_TO_32_BIT_CONVERSION = YES;
				GCC_WARN_ABOUT_RETURN_TYPE = YES_ERROR;
				GCC_WARN_UNDECLARED_SELECTOR = YES;
				GCC_WARN_UNINITIALIZED_AUTOS = YES_AGGRESSIVE;
				GCC_WARN_UNUSED_FUNCTION = YES;
				GCC_WARN_UNUSED_VARIABLE = YES;
				IPHONEOS_DEPLOYMENT_TARGET = 13.2;
				MTL_ENABLE_DEBUG_INFO = INCLUDE_SOURCE;
				MTL_FAST_MATH = YES;
				ONLY_ACTIVE_ARCH = YES;
				SDKROOT = iphoneos;
				SWIFT_ACTIVE_COMPILATION_CONDITIONS = DEBUG;
				SWIFT_OPTIMIZATION_LEVEL = "-Onone";
			};
			name = Debug;
		};
		2828027D246D29FF00A8ED6E /* Release */ = {
			isa = XCBuildConfiguration;
			buildSettings = {
				ALWAYS_SEARCH_USER_PATHS = NO;
				CLANG_ANALYZER_NONNULL = YES;
				CLANG_ANALYZER_NUMBER_OBJECT_CONVERSION = YES_AGGRESSIVE;
				CLANG_CXX_LANGUAGE_STANDARD = "gnu++14";
				CLANG_CXX_LIBRARY = "libc++";
				CLANG_ENABLE_MODULES = YES;
				CLANG_ENABLE_OBJC_ARC = YES;
				CLANG_ENABLE_OBJC_WEAK = YES;
				CLANG_WARN_BLOCK_CAPTURE_AUTORELEASING = YES;
				CLANG_WARN_BOOL_CONVERSION = YES;
				CLANG_WARN_COMMA = YES;
				CLANG_WARN_CONSTANT_CONVERSION = YES;
				CLANG_WARN_DEPRECATED_OBJC_IMPLEMENTATIONS = YES;
				CLANG_WARN_DIRECT_OBJC_ISA_USAGE = YES_ERROR;
				CLANG_WARN_DOCUMENTATION_COMMENTS = YES;
				CLANG_WARN_EMPTY_BODY = YES;
				CLANG_WARN_ENUM_CONVERSION = YES;
				CLANG_WARN_INFINITE_RECURSION = YES;
				CLANG_WARN_INT_CONVERSION = YES;
				CLANG_WARN_NON_LITERAL_NULL_CONVERSION = YES;
				CLANG_WARN_OBJC_IMPLICIT_RETAIN_SELF = YES;
				CLANG_WARN_OBJC_LITERAL_CONVERSION = YES;
				CLANG_WARN_OBJC_ROOT_CLASS = YES_ERROR;
				CLANG_WARN_RANGE_LOOP_ANALYSIS = YES;
				CLANG_WARN_STRICT_PROTOTYPES = YES;
				CLANG_WARN_SUSPICIOUS_MOVE = YES;
				CLANG_WARN_UNGUARDED_AVAILABILITY = YES_AGGRESSIVE;
				CLANG_WARN_UNREACHABLE_CODE = YES;
				CLANG_WARN__DUPLICATE_METHOD_MATCH = YES;
				COPY_PHASE_STRIP = NO;
				DEBUG_INFORMATION_FORMAT = "dwarf-with-dsym";
				ENABLE_NS_ASSERTIONS = NO;
				ENABLE_STRICT_OBJC_MSGSEND = YES;
				GCC_C_LANGUAGE_STANDARD = gnu11;
				GCC_NO_COMMON_BLOCKS = YES;
				GCC_WARN_64_TO_32_BIT_CONVERSION = YES;
				GCC_WARN_ABOUT_RETURN_TYPE = YES_ERROR;
				GCC_WARN_UNDECLARED_SELECTOR = YES;
				GCC_WARN_UNINITIALIZED_AUTOS = YES_AGGRESSIVE;
				GCC_WARN_UNUSED_FUNCTION = YES;
				GCC_WARN_UNUSED_VARIABLE = YES;
				IPHONEOS_DEPLOYMENT_TARGET = 13.2;
				MTL_ENABLE_DEBUG_INFO = NO;
				MTL_FAST_MATH = YES;
				SDKROOT = iphoneos;
				SWIFT_COMPILATION_MODE = wholemodule;
				SWIFT_OPTIMIZATION_LEVEL = "-O";
				VALIDATE_PRODUCT = YES;
			};
			name = Release;
		};
		2828027F246D29FF00A8ED6E /* Debug */ = {
			isa = XCBuildConfiguration;
			buildSettings = {
				ASSETCATALOG_COMPILER_APPICON_NAME = AppIcon;
				CODE_SIGN_STYLE = Automatic;
				DEVELOPMENT_ASSET_PATHS = "\"26_Project19_SnowSeeker/Preview Content\"";
				DEVELOPMENT_TEAM = XTMU73TLWU;
				ENABLE_PREVIEWS = YES;
				INFOPLIST_FILE = 26_Project19_SnowSeeker/Info.plist;
				LD_RUNPATH_SEARCH_PATHS = (
					"$(inherited)",
					"@executable_path/Frameworks",
				);
				PRODUCT_BUNDLE_IDENTIFIER = "com.jacob.-6-Project19-SnowSeeker";
				PRODUCT_NAME = 26_Project19_SnowSeeker;
				SWIFT_VERSION = 5.0;
				TARGETED_DEVICE_FAMILY = "1,2";
			};
			name = Debug;
		};
		28280280246D29FF00A8ED6E /* Release */ = {
			isa = XCBuildConfiguration;
			buildSettings = {
				ASSETCATALOG_COMPILER_APPICON_NAME = AppIcon;
				CODE_SIGN_STYLE = Automatic;
				DEVELOPMENT_ASSET_PATHS = "\"26_Project19_SnowSeeker/Preview Content\"";
				DEVELOPMENT_TEAM = XTMU73TLWU;
				ENABLE_PREVIEWS = YES;
				INFOPLIST_FILE = 26_Project19_SnowSeeker/Info.plist;
				LD_RUNPATH_SEARCH_PATHS = (
					"$(inherited)",
					"@executable_path/Frameworks",
				);
				PRODUCT_BUNDLE_IDENTIFIER = "com.jacob.-6-Project19-SnowSeeker";
				PRODUCT_NAME = 26_Project19_SnowSeeker;
				SWIFT_VERSION = 5.0;
				TARGETED_DEVICE_FAMILY = "1,2";
			};
			name = Release;
		};
/* End XCBuildConfiguration section */

/* Begin XCConfigurationList section */
		28280265246D29FD00A8ED6E /* Build configuration list for PBXProject "26_Project19_SnowSeeker" */ = {
			isa = XCConfigurationList;
			buildConfigurations = (
				2828027C246D29FF00A8ED6E /* Debug */,
				2828027D246D29FF00A8ED6E /* Release */,
			);
			defaultConfigurationIsVisible = 0;
			defaultConfigurationName = Release;
		};
		2828027E246D29FF00A8ED6E /* Build configuration list for PBXNativeTarget "26_Project19_SnowSeeker" */ = {
			isa = XCConfigurationList;
			buildConfigurations = (
				2828027F246D29FF00A8ED6E /* Debug */,
				28280280246D29FF00A8ED6E /* Release */,
			);
			defaultConfigurationIsVisible = 0;
			defaultConfigurationName = Release;
		};
/* End XCConfigurationList section */
	};
	rootObject = 28280262246D29FD00A8ED6E /* Project object */;
}
