// !$*UTF8*$!
{
	archiveVersion = 1;
	classes = {
	};
	objectVersion = 50;
	objects = {

/* Begin PBXBuildFile section */
		28B8E7FB245BCFC000415206 /* AppDelegate.swift in Sources */ = {isa = PBXBuildFile; fileRef = 28B8E7FA245BCFC000415206 /* AppDelegate.swift */; };
		28B8E7FD245BCFC000415206 /* SceneDelegate.swift in Sources */ = {isa = PBXBuildFile; fileRef = 28B8E7FC245BCFC000415206 /* SceneDelegate.swift */; };
		28B8E7FF245BCFC000415206 /* ContentView.swift in Sources */ = {isa = PBXBuildFile; fileRef = 28B8E7FE245BCFC000415206 /* ContentView.swift */; };
		28B8E801245BCFC200415206 /* Assets.xcassets in Resources */ = {isa = PBXBuildFile; fileRef = 28B8E800245BCFC200415206 /* Assets.xcassets */; };
		28B8E804245BCFC200415206 /* Preview Assets.xcassets in Resources */ = {isa = PBXBuildFile; fileRef = 28B8E803245BCFC200415206 /* Preview Assets.xcassets */; };
		28B8E807245BCFC200415206 /* LaunchScreen.storyboard in Resources */ = {isa = PBXBuildFile; fileRef = 28B8E805245BCFC200415206 /* LaunchScreen.storyboard */; };
		28B8E812245BD21B00415206 /* README.md in Resources */ = {isa = PBXBuildFile; fileRef = 28B8E810245BD21B00415206 /* README.md */; };
		28B8E813245BD21B00415206 /* screenshots in Resources */ = {isa = PBXBuildFile; fileRef = 28B8E811245BD21B00415206 /* screenshots */; };
		28B8E817245BE04600415206 /* SleepCalculator.mlmodel in Sources */ = {isa = PBXBuildFile; fileRef = 28B8E816245BE04600415206 /* SleepCalculator.mlmodel */; };
		28BDF6A0246513A600DDA0DD /* ContentView_P15.swift in Sources */ = {isa = PBXBuildFile; fileRef = 28BDF69F246513A600DDA0DD /* ContentView_P15.swift */; };
/* End PBXBuildFile section */

/* Begin PBXFileReference section */
		2849A9C2245D148000B1FD23 /* zh-Hans */ = {isa = PBXFileReference; lastKnownFileType = text.plist.strings; name = "zh-Hans"; path = "zh-Hans.lproj/LaunchScreen.strings"; sourceTree = "<group>"; };
		28B8E7F7245BCFC000415206 /* 06_Project04_BetterRest.app */ = {isa = PBXFileReference; explicitFileType = wrapper.application; includeInIndex = 0; path = 06_Project04_BetterRest.app; sourceTree = BUILT_PRODUCTS_DIR; };
		28B8E7FA245BCFC000415206 /* AppDelegate.swift */ = {isa = PBXFileReference; lastKnownFileType = sourcecode.swift; path = AppDelegate.swift; sourceTree = "<group>"; };
		28B8E7FC245BCFC000415206 /* SceneDelegate.swift */ = {isa = PBXFileReference; lastKnownFileType = sourcecode.swift; path = SceneDelegate.swift; sourceTree = "<group>"; };
		28B8E7FE245BCFC000415206 /* ContentView.swift */ = {isa = PBXFileReference; lastKnownFileType = sourcecode.swift; path = ContentView.swift; sourceTree = "<group>"; };
		28B8E800245BCFC200415206 /* Assets.xcassets */ = {isa = PBXFileReference; lastKnownFileType = folder.assetcatalog; path = Assets.xcassets; sourceTree = "<group>"; };
		28B8E803245BCFC200415206 /* Preview Assets.xcassets */ = {isa = PBXFileReference; lastKnownFileType = folder.assetcatalog; path = "Preview Assets.xcassets"; sourceTree = "<group>"; };
		28B8E806245BCFC200415206 /* Base */ = {isa = PBXFileReference; lastKnownFileType = file.storyboard; name = Base; path = Base.lproj/LaunchScreen.storyboard; sourceTree = "<group>"; };
		28B8E808245BCFC200415206 /* Info.plist */ = {isa = PBXFileReference; lastKnownFileType = text.plist.xml; path = Info.plist; sourceTree = "<group>"; };
		28B8E810245BD21B00415206 /* README.md */ = {isa = PBXFileReference; fileEncoding = 4; lastKnownFileType = net.daringfireball.markdown; path = README.md; sourceTree = "<group>"; };
		28B8E811245BD21B00415206 /* screenshots */ = {isa = PBXFileReference; lastKnownFileType = folder; path = screenshots; sourceTree = "<group>"; };
		28B8E816245BE04600415206 /* SleepCalculator.mlmodel */ = {isa = PBXFileReference; lastKnownFileType = file.mlmodel; name = SleepCalculator.mlmodel; path = ML/BetterRest.mlproj/Models/SleepCalculator.mlmodel; sourceTree = SOURCE_ROOT; };
		28BDF69F246513A600DDA0DD /* ContentView_P15.swift */ = {isa = PBXFileReference; lastKnownFileType = sourcecode.swift; path = ContentView_P15.swift; sourceTree = "<group>"; };
/* End PBXFileReference section */

/* Begin PBXFrameworksBuildPhase section */
		28B8E7F4245BCFC000415206 /* Frameworks */ = {
			isa = PBXFrameworksBuildPhase;
			buildActionMask = 2147483647;
			files = (
			);
			runOnlyForDeploymentPostprocessing = 0;
		};
/* End PBXFrameworksBuildPhase section */

/* Begin PBXGroup section */
		28B8E7EE245BCFC000415206 = {
			isa = PBXGroup;
			children = (
				28B8E810245BD21B00415206 /* README.md */,
				28B8E811245BD21B00415206 /* screenshots */,
				28B8E7F9245BCFC000415206 /* 06_Project04_BetterRest */,
				28B8E7F8245BCFC000415206 /* Products */,
			);
			sourceTree = "<group>";
		};
		28B8E7F8245BCFC000415206 /* Products */ = {
			isa = PBXGroup;
			children = (
				28B8E7F7245BCFC000415206 /* 06_Project04_BetterRest.app */,
			);
			name = Products;
			sourceTree = "<group>";
		};
		28B8E7F9245BCFC000415206 /* 06_Project04_BetterRest */ = {
			isa = PBXGroup;
			children = (
				28B8E816245BE04600415206 /* SleepCalculator.mlmodel */,
				28B8E7FA245BCFC000415206 /* AppDelegate.swift */,
				28B8E7FC245BCFC000415206 /* SceneDelegate.swift */,
				28B8E7FE245BCFC000415206 /* ContentView.swift */,
				28BDF69F246513A600DDA0DD /* ContentView_P15.swift */,
				28B8E800245BCFC200415206 /* Assets.xcassets */,
				28B8E805245BCFC200415206 /* LaunchScreen.storyboard */,
				28B8E808245BCFC200415206 /* Info.plist */,
				28B8E802245BCFC200415206 /* Preview Content */,
			);
			path = 06_Project04_BetterRest;
			sourceTree = "<group>";
		};
		28B8E802245BCFC200415206 /* Preview Content */ = {
			isa = PBXGroup;
			children = (
				28B8E803245BCFC200415206 /* Preview Assets.xcassets */,
			);
			path = "Preview Content";
			sourceTree = "<group>";
		};
/* End PBXGroup section */

/* Begin PBXNativeTarget section */
		28B8E7F6245BCFC000415206 /* 06_Project04_BetterRest */ = {
			isa = PBXNativeTarget;
			buildConfigurationList = 28B8E80B245BCFC200415206 /* Build configuration list for PBXNativeTarget "06_Project04_BetterRest" */;
			buildPhases = (
				28B8E7F3245BCFC000415206 /* Sources */,
				28B8E7F4245BCFC000415206 /* Frameworks */,
				28B8E7F5245BCFC000415206 /* Resources */,
			);
			buildRules = (
			);
			dependencies = (
			);
			name = 06_Project04_BetterRest;
			productName = 06_Project04_BetterRest;
			productReference = 28B8E7F7245BCFC000415206 /* 06_Project04_BetterRest.app */;
			productType = "com.apple.product-type.application";
		};
/* End PBXNativeTarget section */

/* Begin PBXProject section */
		28B8E7EF245BCFC000415206 /* Project object */ = {
			isa = PBXProject;
			attributes = {
				LastSwiftUpdateCheck = 1130;
				LastUpgradeCheck = 1130;
				ORGANIZATIONNAME = "Jacob Zhang";
				TargetAttributes = {
					28B8E7F6245BCFC000415206 = {
						CreatedOnToolsVersion = 11.3.1;
					};
				};
			};
			buildConfigurationList = 28B8E7F2245BCFC000415206 /* Build configuration list for PBXProject "06_Project04_BetterRest" */;
			compatibilityVersion = "Xcode 9.3";
			developmentRegion = en;
			hasScannedForEncodings = 0;
			knownRegions = (
				en,
				Base,
				"zh-Hans",
			);
			mainGroup = 28B8E7EE245BCFC000415206;
			productRefGroup = 28B8E7F8245BCFC000415206 /* Products */;
			projectDirPath = "";
			projectRoot = "";
			targets = (
				28B8E7F6245BCFC000415206 /* 06_Project04_BetterRest */,
			);
		};
/* End PBXProject section */

/* Begin PBXResourcesBuildPhase section */
		28B8E7F5245BCFC000415206 /* Resources */ = {
			isa = PBXResourcesBuildPhase;
			buildActionMask = 2147483647;
			files = (
				28B8E807245BCFC200415206 /* LaunchScreen.storyboard in Resources */,
				28B8E804245BCFC200415206 /* Preview Assets.xcassets in Resources */,
				28B8E812245BD21B00415206 /* README.md in Resources */,
				28B8E813245BD21B00415206 /* screenshots in Resources */,
				28B8E801245BCFC200415206 /* Assets.xcassets in Resources */,
			);
			runOnlyForDeploymentPostprocessing = 0;
		};
/* End PBXResourcesBuildPhase section */

/* Begin PBXSourcesBuildPhase section */
		28B8E7F3245BCFC000415206 /* Sources */ = {
			isa = PBXSourcesBuildPhase;
			buildActionMask = 2147483647;
			files = (
				28B8E7FB245BCFC000415206 /* AppDelegate.swift in Sources */,
				28B8E7FD245BCFC000415206 /* SceneDelegate.swift in Sources */,
				28B8E817245BE04600415206 /* SleepCalculator.mlmodel in Sources */,
				28BDF6A0246513A600DDA0DD /* ContentView_P15.swift in Sources */,
				28B8E7FF245BCFC000415206 /* ContentView.swift in Sources */,
			);
			runOnlyForDeploymentPostprocessing = 0;
		};
/* End PBXSourcesBuildPhase section */

/* Begin PBXVariantGroup section */
		28B8E805245BCFC200415206 /* LaunchScreen.storyboard */ = {
			isa = PBXVariantGroup;
			children = (
				28B8E806245BCFC200415206 /* Base */,
				2849A9C2245D148000B1FD23 /* zh-Hans */,
			);
			name = LaunchScreen.storyboard;
			sourceTree = "<group>";
		};
/* End PBXVariantGroup section */

/* Begin XCBuildConfiguration section */
		28B8E809245BCFC200415206 /* Debug */ = {
			isa = XCBuildConfiguration;
			buildSettings = {
				ALWAYS_SEARCH_USER_PATHS = NO;
				CLANG_ANALYZER_LOCALIZABILITY_NONLOCALIZED = YES;
				CLANG_ANALYZER_NONNULL = YES;
				CLANG_ANALYZER_NUMBER_OBJECT_CONVERSION = YES_AGGRESSIVE;
				CLANG_CXX_LANGUAGE_STANDARD = "gnu++14";
				CLANG_CXX_LIBRARY = "libc++";
				CLANG_ENABLE_MODULES = YES;
				CLANG_ENABLE_OBJC_ARC = YES;
				CLANG_ENABLE_OBJC_WEAK = YES;
				CLANG_WARN_BLOCK_CAPTURE_AUTORELEASING = YES;
				CLANG_WARN_BOOL_CONVERSION = YES;
				CLANG_WARN_COMMA = YES;
				CLANG_WARN_CONSTANT_CONVERSION = YES;
				CLANG_WARN_DEPRECATED_OBJC_IMPLEMENTATIONS = YES;
				CLANG_WARN_DIRECT_OBJC_ISA_USAGE = YES_ERROR;
				CLANG_WARN_DOCUMENTATION_COMMENTS = YES;
				CLANG_WARN_EMPTY_BODY = YES;
				CLANG_WARN_ENUM_CONVERSION = YES;
				CLANG_WARN_INFINITE_RECURSION = YES;
				CLANG_WARN_INT_CONVERSION = YES;
				CLANG_WARN_NON_LITERAL_NULL_CONVERSION = YES;
				CLANG_WARN_OBJC_IMPLICIT_RETAIN_SELF = YES;
				CLANG_WARN_OBJC_LITERAL_CONVERSION = YES;
				CLANG_WARN_OBJC_ROOT_CLASS = YES_ERROR;
				CLANG_WARN_RANGE_LOOP_ANALYSIS = YES;
				CLANG_WARN_STRICT_PROTOTYPES = YES;
				CLANG_WARN_SUSPICIOUS_MOVE = YES;
				CLANG_WARN_UNGUARDED_AVAILABILITY = YES_AGGRESSIVE;
				CLANG_WARN_UNREACHABLE_CODE = YES;
				CLANG_WARN__DUPLICATE_METHOD_MATCH = YES;
				COPY_PHASE_STRIP = NO;
				DEBUG_INFORMATION_FORMAT = dwarf;
				ENABLE_STRICT_OBJC_MSGSEND = YES;
				ENABLE_TESTABILITY = YES;
				GCC_C_LANGUAGE_STANDARD = gnu11;
				GCC_DYNAMIC_NO_PIC = NO;
				GCC_NO_COMMON_BLOCKS = YES;
				GCC_OPTIMIZATION_LEVEL = 0;
				GCC_PREPROCESSOR_DEFINITIONS = (
					"DEBUG=1",
					"$(inherited)",
				);
				GCC_WARN_64_TO_32_BIT_CONVERSION = YES;
				GCC_WARN_ABOUT_RETURN_TYPE = YES_ERROR;
				GCC_WARN_UNDECLARED_SELECTOR = YES;
				GCC_WARN_UNINITIALIZED_AUTOS = YES_AGGRESSIVE;
				GCC_WARN_UNUSED_FUNCTION = YES;
				GCC_WARN_UNUSED_VARIABLE = YES;
				IPHONEOS_DEPLOYMENT_TARGET = 13.2;
				MTL_ENABLE_DEBUG_INFO = INCLUDE_SOURCE;
				MTL_FAST_MATH = YES;
				ONLY_ACTIVE_ARCH = YES;
				SDKROOT = iphoneos;
				SWIFT_ACTIVE_COMPILATION_CONDITIONS = DEBUG;
				SWIFT_OPTIMIZATION_LEVEL = "-Onone";
			};
			name = Debug;
		};
		28B8E80A245BCFC200415206 /* Release */ = {
			isa = XCBuildConfiguration;
			buildSettings = {
				ALWAYS_SEARCH_USER_PATHS = NO;
				CLANG_ANALYZER_LOCALIZABILITY_NONLOCALIZED = YES;
				CLANG_ANALYZER_NONNULL = YES;
				CLANG_ANALYZER_NUMBER_OBJECT_CONVERSION = YES_AGGRESSIVE;
				CLANG_CXX_LANGUAGE_STANDARD = "gnu++14";
				CLANG_CXX_LIBRARY = "libc++";
				CLANG_ENABLE_MODULES = YES;
				CLANG_ENABLE_OBJC_ARC = YES;
				CLANG_ENABLE_OBJC_WEAK = YES;
				CLANG_WARN_BLOCK_CAPTURE_AUTORELEASING = YES;
				CLANG_WARN_BOOL_CONVERSION = YES;
				CLANG_WARN_COMMA = YES;
				CLANG_WARN_CONSTANT_CONVERSION = YES;
				CLANG_WARN_DEPRECATED_OBJC_IMPLEMENTATIONS = YES;
				CLANG_WARN_DIRECT_OBJC_ISA_USAGE = YES_ERROR;
				CLANG_WARN_DOCUMENTATION_COMMENTS = YES;
				CLANG_WARN_EMPTY_BODY = YES;
				CLANG_WARN_ENUM_CONVERSION = YES;
				CLANG_WARN_INFINITE_RECURSION = YES;
				CLANG_WARN_INT_CONVERSION = YES;
				CLANG_WARN_NON_LITERAL_NULL_CONVERSION = YES;
				CLANG_WARN_OBJC_IMPLICIT_RETAIN_SELF = YES;
				CLANG_WARN_OBJC_LITERAL_CONVERSION = YES;
				CLANG_WARN_OBJC_ROOT_CLASS = YES_ERROR;
				CLANG_WARN_RANGE_LOOP_ANALYSIS = YES;
				CLANG_WARN_STRICT_PROTOTYPES = YES;
				CLANG_WARN_SUSPICIOUS_MOVE = YES;
				CLANG_WARN_UNGUARDED_AVAILABILITY = YES_AGGRESSIVE;
				CLANG_WARN_UNREACHABLE_CODE = YES;
				CLANG_WARN__DUPLICATE_METHOD_MATCH = YES;
				COPY_PHASE_STRIP = NO;
				DEBUG_INFORMATION_FORMAT = "dwarf-with-dsym";
				ENABLE_NS_ASSERTIONS = NO;
				ENABLE_STRICT_OBJC_MSGSEND = YES;
				GCC_C_LANGUAGE_STANDARD = gnu11;
				GCC_NO_COMMON_BLOCKS = YES;
				GCC_WARN_64_TO_32_BIT_CONVERSION = YES;
				GCC_WARN_ABOUT_RETURN_TYPE = YES_ERROR;
				GCC_WARN_UNDECLARED_SELECTOR = YES;
				GCC_WARN_UNINITIALIZED_AUTOS = YES_AGGRESSIVE;
				GCC_WARN_UNUSED_FUNCTION = YES;
				GCC_WARN_UNUSED_VARIABLE = YES;
				IPHONEOS_DEPLOYMENT_TARGET = 13.2;
				MTL_ENABLE_DEBUG_INFO = NO;
				MTL_FAST_MATH = YES;
				SDKROOT = iphoneos;
				SWIFT_COMPILATION_MODE = wholemodule;
				SWIFT_OPTIMIZATION_LEVEL = "-O";
				VALIDATE_PRODUCT = YES;
			};
			name = Release;
		};
		28B8E80C245BCFC200415206 /* Debug */ = {
			isa = XCBuildConfiguration;
			buildSettings = {
				ASSETCATALOG_COMPILER_APPICON_NAME = AppIcon;
				CODE_SIGN_STYLE = Automatic;
				DEVELOPMENT_ASSET_PATHS = "\"06_Project04_BetterRest/Preview Content\"";
				DEVELOPMENT_TEAM = XTMU73TLWU;
				ENABLE_PREVIEWS = YES;
				INFOPLIST_FILE = 06_Project04_BetterRest/Info.plist;
				LD_RUNPATH_SEARCH_PATHS = (
					"$(inherited)",
					"@executable_path/Frameworks",
				);
				PRODUCT_BUNDLE_IDENTIFIER = "com.jacob.-6-Project04-BetterRest";
				PRODUCT_NAME = "$(TARGET_NAME)";
				SWIFT_VERSION = 5.0;
				TARGETED_DEVICE_FAMILY = "1,2";
			};
			name = Debug;
		};
		28B8E80D245BCFC200415206 /* Release */ = {
			isa = XCBuildConfiguration;
			buildSettings = {
				ASSETCATALOG_COMPILER_APPICON_NAME = AppIcon;
				CODE_SIGN_STYLE = Automatic;
				DEVELOPMENT_ASSET_PATHS = "\"06_Project04_BetterRest/Preview Content\"";
				DEVELOPMENT_TEAM = XTMU73TLWU;
				ENABLE_PREVIEWS = YES;
				INFOPLIST_FILE = 06_Project04_BetterRest/Info.plist;
				LD_RUNPATH_SEARCH_PATHS = (
					"$(inherited)",
					"@executable_path/Frameworks",
				);
				PRODUCT_BUNDLE_IDENTIFIER = "com.jacob.-6-Project04-BetterRest";
				PRODUCT_NAME = "$(TARGET_NAME)";
				SWIFT_VERSION = 5.0;
				TARGETED_DEVICE_FAMILY = "1,2";
			};
			name = Release;
		};
/* End XCBuildConfiguration section */

/* Begin XCConfigurationList section */
		28B8E7F2245BCFC000415206 /* Build configuration list for PBXProject "06_Project04_BetterRest" */ = {
			isa = XCConfigurationList;
			buildConfigurations = (
				28B8E809245BCFC200415206 /* Debug */,
				28B8E80A245BCFC200415206 /* Release */,
			);
			defaultConfigurationIsVisible = 0;
			defaultConfigurationName = Release;
		};
		28B8E80B245BCFC200415206 /* Build configuration list for PBXNativeTarget "06_Project04_BetterRest" */ = {
			isa = XCConfigurationList;
			buildConfigurations = (
				28B8E80C245BCFC200415206 /* Debug */,
				28B8E80D245BCFC200415206 /* Release */,
			);
			defaultConfigurationIsVisible = 0;
			defaultConfigurationName = Release;
		};
/* End XCConfigurationList section */
	};
	rootObject = 28B8E7EF245BCFC000415206 /* Project object */;
}
