// !$*UTF8*$!
{
	archiveVersion = 1;
	classes = {
	};
	objectVersion = 51;
	objects = {

/* Begin PBXBuildFile section */
		28406D4D24599B6500360339 /* AppDelegate.swift in Sources */ = {isa = PBXBuildFile; fileRef = 28406D4C24599B6500360339 /* AppDelegate.swift */; };
		28406D4F24599B6500360339 /* SceneDelegate.swift in Sources */ = {isa = PBXBuildFile; fileRef = 28406D4E24599B6500360339 /* SceneDelegate.swift */; };
		28406D5124599B6500360339 /* ContentView.swift in Sources */ = {isa = PBXBuildFile; fileRef = 28406D5024599B6500360339 /* ContentView.swift */; };
		28406D5324599B6700360339 /* Assets.xcassets in Resources */ = {isa = PBXBuildFile; fileRef = 28406D5224599B6700360339 /* Assets.xcassets */; };
		28406D5624599B6700360339 /* Preview Assets.xcassets in Resources */ = {isa = PBXBuildFile; fileRef = 28406D5524599B6700360339 /* Preview Assets.xcassets */; };
		28406D5924599B6700360339 /* LaunchScreen.storyboard in Resources */ = {isa = PBXBuildFile; fileRef = 28406D5724599B6700360339 /* LaunchScreen.storyboard */; };
		5759BA435190B2C6EEE00111 /* Pods_03_Project02_Guess_the_Flag.framework in Frameworks */ = {isa = PBXBuildFile; fileRef = 1DDA103D0AB2C9AD268E67C4 /* Pods_03_Project02_Guess_the_Flag.framework */; };
/* End PBXBuildFile section */

/* Begin PBXFileReference section */
		09DAE4C484ACB52E77D809B9 /* Pods-03_Project02_Guess the Flag.release.xcconfig */ = {isa = PBXFileReference; includeInIndex = 1; lastKnownFileType = text.xcconfig; name = "Pods-03_Project02_Guess the Flag.release.xcconfig"; path = "Target Support Files/Pods-03_Project02_Guess the Flag/Pods-03_Project02_Guess the Flag.release.xcconfig"; sourceTree = "<group>"; };
		1DDA103D0AB2C9AD268E67C4 /* Pods_03_Project02_Guess_the_Flag.framework */ = {isa = PBXFileReference; explicitFileType = wrapper.framework; includeInIndex = 0; path = Pods_03_Project02_Guess_the_Flag.framework; sourceTree = BUILT_PRODUCTS_DIR; };
		28406D4924599B6400360339 /* 03_Project02_Guess the Flag.app */ = {isa = PBXFileReference; explicitFileType = wrapper.application; includeInIndex = 0; path = "03_Project02_Guess the Flag.app"; sourceTree = BUILT_PRODUCTS_DIR; };
		28406D4C24599B6500360339 /* AppDelegate.swift */ = {isa = PBXFileReference; lastKnownFileType = sourcecode.swift; path = AppDelegate.swift; sourceTree = "<group>"; };
		28406D4E24599B6500360339 /* SceneDelegate.swift */ = {isa = PBXFileReference; lastKnownFileType = sourcecode.swift; path = SceneDelegate.swift; sourceTree = "<group>"; };
		28406D5024599B6500360339 /* ContentView.swift */ = {isa = PBXFileReference; lastKnownFileType = sourcecode.swift; path = ContentView.swift; sourceTree = "<group>"; };
		28406D5224599B6700360339 /* Assets.xcassets */ = {isa = PBXFileReference; lastKnownFileType = folder.assetcatalog; path = Assets.xcassets; sourceTree = "<group>"; };
		28406D5524599B6700360339 /* Preview Assets.xcassets */ = {isa = PBXFileReference; lastKnownFileType = folder.assetcatalog; path = "Preview Assets.xcassets"; sourceTree = "<group>"; };
		28406D5824599B6700360339 /* Base */ = {isa = PBXFileReference; lastKnownFileType = file.storyboard; name = Base; path = Base.lproj/LaunchScreen.storyboard; sourceTree = "<group>"; };
		28406D5A24599B6700360339 /* Info.plist */ = {isa = PBXFileReference; lastKnownFileType = text.plist.xml; path = Info.plist; sourceTree = "<group>"; };
		28406D642459C07800360339 /* text2.png */ = {isa = PBXFileReference; lastKnownFileType = image.png; path = text2.png; sourceTree = "<group>"; };
		28406D652459C07800360339 /* text1.png */ = {isa = PBXFileReference; lastKnownFileType = image.png; path = text1.png; sourceTree = "<group>"; };
		28406D662459C19700360339 /* README.md */ = {isa = PBXFileReference; lastKnownFileType = net.daringfireball.markdown; path = README.md; sourceTree = "<group>"; };
		28406D672459C19700360339 /* screenshots */ = {isa = PBXFileReference; lastKnownFileType = folder; path = screenshots; sourceTree = "<group>"; };
		6A55CC08BF74FA75E5E48F87 /* Pods-03_Project02_Guess the Flag.debug.xcconfig */ = {isa = PBXFileReference; includeInIndex = 1; lastKnownFileType = text.xcconfig; name = "Pods-03_Project02_Guess the Flag.debug.xcconfig"; path = "Target Support Files/Pods-03_Project02_Guess the Flag/Pods-03_Project02_Guess the Flag.debug.xcconfig"; sourceTree = "<group>"; };
/* End PBXFileReference section */

/* Begin PBXFrameworksBuildPhase section */
		28406D4624599B6400360339 /* Frameworks */ = {
			isa = PBXFrameworksBuildPhase;
			buildActionMask = 2147483647;
			files = (
				5759BA435190B2C6EEE00111 /* Pods_03_Project02_Guess_the_Flag.framework in Frameworks */,
			);
			runOnlyForDeploymentPostprocessing = 0;
		};
/* End PBXFrameworksBuildPhase section */

/* Begin PBXGroup section */
		28406D4024599B6400360339 = {
			isa = PBXGroup;
			children = (
				28406D662459C19700360339 /* README.md */,
				28406D672459C19700360339 /* screenshots */,
				28406D652459C07800360339 /* text1.png */,
				28406D642459C07800360339 /* text2.png */,
				28406D4B24599B6400360339 /* 03_Project02_Guess the Flag */,
				28406D4A24599B6400360339 /* Products */,
				685A9F67F1B2B0DDEB273ED1 /* Pods */,
				FAE3BD069E1AEF62998DE5FF /* Frameworks */,
			);
			sourceTree = "<group>";
		};
		28406D4A24599B6400360339 /* Products */ = {
			isa = PBXGroup;
			children = (
				28406D4924599B6400360339 /* 03_Project02_Guess the Flag.app */,
			);
			name = Products;
			sourceTree = "<group>";
		};
		28406D4B24599B6400360339 /* 03_Project02_Guess the Flag */ = {
			isa = PBXGroup;
			children = (
				28406D4C24599B6500360339 /* AppDelegate.swift */,
				28406D4E24599B6500360339 /* SceneDelegate.swift */,
				28406D5024599B6500360339 /* ContentView.swift */,
				28406D5224599B6700360339 /* Assets.xcassets */,
				28406D5724599B6700360339 /* LaunchScreen.storyboard */,
				28406D5A24599B6700360339 /* Info.plist */,
				28406D5424599B6700360339 /* Preview Content */,
			);
			path = "03_Project02_Guess the Flag";
			sourceTree = "<group>";
		};
		28406D5424599B6700360339 /* Preview Content */ = {
			isa = PBXGroup;
			children = (
				28406D5524599B6700360339 /* Preview Assets.xcassets */,
			);
			path = "Preview Content";
			sourceTree = "<group>";
		};
		685A9F67F1B2B0DDEB273ED1 /* Pods */ = {
			isa = PBXGroup;
			children = (
				6A55CC08BF74FA75E5E48F87 /* Pods-03_Project02_Guess the Flag.debug.xcconfig */,
				09DAE4C484ACB52E77D809B9 /* Pods-03_Project02_Guess the Flag.release.xcconfig */,
			);
			path = Pods;
			sourceTree = "<group>";
		};
		FAE3BD069E1AEF62998DE5FF /* Frameworks */ = {
			isa = PBXGroup;
			children = (
				1DDA103D0AB2C9AD268E67C4 /* Pods_03_Project02_Guess_the_Flag.framework */,
			);
			name = Frameworks;
			sourceTree = "<group>";
		};
/* End PBXGroup section */

/* Begin PBXNativeTarget section */
		28406D4824599B6400360339 /* 03_Project02_Guess the Flag */ = {
			isa = PBXNativeTarget;
			buildConfigurationList = 28406D5D24599B6700360339 /* Build configuration list for PBXNativeTarget "03_Project02_Guess the Flag" */;
			buildPhases = (
				E24391526520E87C669F44E8 /* [CP] Check Pods Manifest.lock */,
				28406D4524599B6400360339 /* Sources */,
				28406D4624599B6400360339 /* Frameworks */,
				28406D4724599B6400360339 /* Resources */,
				9CACCA9805EB34801C606B1A /* [CP] Embed Pods Frameworks */,
			);
			buildRules = (
			);
			dependencies = (
			);
			name = "03_Project02_Guess the Flag";
			productName = "03_Project02_Guess the Flag";
			productReference = 28406D4924599B6400360339 /* 03_Project02_Guess the Flag.app */;
			productType = "com.apple.product-type.application";
		};
/* End PBXNativeTarget section */

/* Begin PBXProject section */
		28406D4124599B6400360339 /* Project object */ = {
			isa = PBXProject;
			attributes = {
				LastSwiftUpdateCheck = 1130;
				LastUpgradeCheck = 1130;
				ORGANIZATIONNAME = "Jacob Zhang";
				TargetAttributes = {
					28406D4824599B6400360339 = {
						CreatedOnToolsVersion = 11.3.1;
					};
				};
			};
			buildConfigurationList = 28406D4424599B6400360339 /* Build configuration list for PBXProject "03_Project02_Guess the Flag" */;
			compatibilityVersion = "Xcode 9.3";
			developmentRegion = en;
			hasScannedForEncodings = 0;
			knownRegions = (
				en,
				Base,
			);
			mainGroup = 28406D4024599B6400360339;
			productRefGroup = 28406D4A24599B6400360339 /* Products */;
			projectDirPath = "";
			projectRoot = "";
			targets = (
				28406D4824599B6400360339 /* 03_Project02_Guess the Flag */,
			);
		};
/* End PBXProject section */

/* Begin PBXResourcesBuildPhase section */
		28406D4724599B6400360339 /* Resources */ = {
			isa = PBXResourcesBuildPhase;
			buildActionMask = 2147483647;
			files = (
				28406D5924599B6700360339 /* LaunchScreen.storyboard in Resources */,
				28406D5624599B6700360339 /* Preview Assets.xcassets in Resources */,
				28406D5324599B6700360339 /* Assets.xcassets in Resources */,
			);
			runOnlyForDeploymentPostprocessing = 0;
		};
/* End PBXResourcesBuildPhase section */

/* Begin PBXShellScriptBuildPhase section */
		9CACCA9805EB34801C606B1A /* [CP] Embed Pods Frameworks */ = {
			isa = PBXShellScriptBuildPhase;
			buildActionMask = 2147483647;
			files = (
			);
			inputFileListPaths = (
				"${PODS_ROOT}/Target Support Files/Pods-03_Project02_Guess the Flag/Pods-03_Project02_Guess the Flag-frameworks-${CONFIGURATION}-input-files.xcfilelist",
			);
			name = "[CP] Embed Pods Frameworks";
			outputFileListPaths = (
				"${PODS_ROOT}/Target Support Files/Pods-03_Project02_Guess the Flag/Pods-03_Project02_Guess the Flag-frameworks-${CONFIGURATION}-output-files.xcfilelist",
			);
			runOnlyForDeploymentPostprocessing = 0;
			shellPath = /bin/sh;
			shellScript = "\"${PODS_ROOT}/Target Support Files/Pods-03_Project02_Guess the Flag/Pods-03_Project02_Guess the Flag-frameworks.sh\"\n";
			showEnvVarsInLog = 0;
		};
		E24391526520E87C669F44E8 /* [CP] Check Pods Manifest.lock */ = {
			isa = PBXShellScriptBuildPhase;
			buildActionMask = 2147483647;
			files = (
			);
			inputFileListPaths = (
			);
			inputPaths = (
				"${PODS_PODFILE_DIR_PATH}/Podfile.lock",
				"${PODS_ROOT}/Manifest.lock",
			);
			name = "[CP] Check Pods Manifest.lock";
			outputFileListPaths = (
			);
			outputPaths = (
				"$(DERIVED_FILE_DIR)/Pods-03_Project02_Guess the Flag-checkManifestLockResult.txt",
			);
			runOnlyForDeploymentPostprocessing = 0;
			shellPath = /bin/sh;
			shellScript = "diff \"${PODS_PODFILE_DIR_PATH}/Podfile.lock\" \"${PODS_ROOT}/Manifest.lock\" > /dev/null\nif [ $? != 0 ] ; then\n    # print error to STDERR\n    echo \"error: The sandbox is not in sync with the Podfile.lock. Run 'pod install' or update your CocoaPods installation.\" >&2\n    exit 1\nfi\n# This output is used by Xcode 'outputs' to avoid re-running this script phase.\necho \"SUCCESS\" > \"${SCRIPT_OUTPUT_FILE_0}\"\n";
			showEnvVarsInLog = 0;
		};
/* End PBXShellScriptBuildPhase section */

/* Begin PBXSourcesBuildPhase section */
		28406D4524599B6400360339 /* Sources */ = {
			isa = PBXSourcesBuildPhase;
			buildActionMask = 2147483647;
			files = (
				28406D4D24599B6500360339 /* AppDelegate.swift in Sources */,
				28406D4F24599B6500360339 /* SceneDelegate.swift in Sources */,
				28406D5124599B6500360339 /* ContentView.swift in Sources */,
			);
			runOnlyForDeploymentPostprocessing = 0;
		};
/* End PBXSourcesBuildPhase section */

/* Begin PBXVariantGroup section */
		28406D5724599B6700360339 /* LaunchScreen.storyboard */ = {
			isa = PBXVariantGroup;
			children = (
				28406D5824599B6700360339 /* Base */,
			);
			name = LaunchScreen.storyboard;
			sourceTree = "<group>";
		};
/* End PBXVariantGroup section */

/* Begin XCBuildConfiguration section */
		28406D5B24599B6700360339 /* Debug */ = {
			isa = XCBuildConfiguration;
			buildSettings = {
				ALWAYS_SEARCH_USER_PATHS = NO;
				CLANG_ANALYZER_NONNULL = YES;
				CLANG_ANALYZER_NUMBER_OBJECT_CONVERSION = YES_AGGRESSIVE;
				CLANG_CXX_LANGUAGE_STANDARD = "gnu++14";
				CLANG_CXX_LIBRARY = "libc++";
				CLANG_ENABLE_MODULES = YES;
				CLANG_ENABLE_OBJC_ARC = YES;
				CLANG_ENABLE_OBJC_WEAK = YES;
				CLANG_WARN_BLOCK_CAPTURE_AUTORELEASING = YES;
				CLANG_WARN_BOOL_CONVERSION = YES;
				CLANG_WARN_COMMA = YES;
				CLANG_WARN_CONSTANT_CONVERSION = YES;
				CLANG_WARN_DEPRECATED_OBJC_IMPLEMENTATIONS = YES;
				CLANG_WARN_DIRECT_OBJC_ISA_USAGE = YES_ERROR;
				CLANG_WARN_DOCUMENTATION_COMMENTS = YES;
				CLANG_WARN_EMPTY_BODY = YES;
				CLANG_WARN_ENUM_CONVERSION = YES;
				CLANG_WARN_INFINITE_RECURSION = YES;
				CLANG_WARN_INT_CONVERSION = YES;
				CLANG_WARN_NON_LITERAL_NULL_CONVERSION = YES;
				CLANG_WARN_OBJC_IMPLICIT_RETAIN_SELF = YES;
				CLANG_WARN_OBJC_LITERAL_CONVERSION = YES;
				CLANG_WARN_OBJC_ROOT_CLASS = YES_ERROR;
				CLANG_WARN_RANGE_LOOP_ANALYSIS = YES;
				CLANG_WARN_STRICT_PROTOTYPES = YES;
				CLANG_WARN_SUSPICIOUS_MOVE = YES;
				CLANG_WARN_UNGUARDED_AVAILABILITY = YES_AGGRESSIVE;
				CLANG_WARN_UNREACHABLE_CODE = YES;
				CLANG_WARN__DUPLICATE_METHOD_MATCH = YES;
				COPY_PHASE_STRIP = NO;
				DEBUG_INFORMATION_FORMAT = dwarf;
				ENABLE_STRICT_OBJC_MSGSEND = YES;
				ENABLE_TESTABILITY = YES;
				GCC_C_LANGUAGE_STANDARD = gnu11;
				GCC_DYNAMIC_NO_PIC = NO;
				GCC_NO_COMMON_BLOCKS = YES;
				GCC_OPTIMIZATION_LEVEL = 0;
				GCC_PREPROCESSOR_DEFINITIONS = (
					"DEBUG=1",
					"$(inherited)",
				);
				GCC_WARN_64_TO_32_BIT_CONVERSION = YES;
				GCC_WARN_ABOUT_RETURN_TYPE = YES_ERROR;
				GCC_WARN_UNDECLARED_SELECTOR = YES;
				GCC_WARN_UNINITIALIZED_AUTOS = YES_AGGRESSIVE;
				GCC_WARN_UNUSED_FUNCTION = YES;
				GCC_WARN_UNUSED_VARIABLE = YES;
				IPHONEOS_DEPLOYMENT_TARGET = 13.2;
				MTL_ENABLE_DEBUG_INFO = INCLUDE_SOURCE;
				MTL_FAST_MATH = YES;
				ONLY_ACTIVE_ARCH = YES;
				SDKROOT = iphoneos;
				SWIFT_ACTIVE_COMPILATION_CONDITIONS = DEBUG;
				SWIFT_OPTIMIZATION_LEVEL = "-Onone";
			};
			name = Debug;
		};
		28406D5C24599B6700360339 /* Release */ = {
			isa = XCBuildConfiguration;
			buildSettings = {
				ALWAYS_SEARCH_USER_PATHS = NO;
				CLANG_ANALYZER_NONNULL = YES;
				CLANG_ANALYZER_NUMBER_OBJECT_CONVERSION = YES_AGGRESSIVE;
				CLANG_CXX_LANGUAGE_STANDARD = "gnu++14";
				CLANG_CXX_LIBRARY = "libc++";
				CLANG_ENABLE_MODULES = YES;
				CLANG_ENABLE_OBJC_ARC = YES;
				CLANG_ENABLE_OBJC_WEAK = YES;
				CLANG_WARN_BLOCK_CAPTURE_AUTORELEASING = YES;
				CLANG_WARN_BOOL_CONVERSION = YES;
				CLANG_WARN_COMMA = YES;
				CLANG_WARN_CONSTANT_CONVERSION = YES;
				CLANG_WARN_DEPRECATED_OBJC_IMPLEMENTATIONS = YES;
				CLANG_WARN_DIRECT_OBJC_ISA_USAGE = YES_ERROR;
				CLANG_WARN_DOCUMENTATION_COMMENTS = YES;
				CLANG_WARN_EMPTY_BODY = YES;
				CLANG_WARN_ENUM_CONVERSION = YES;
				CLANG_WARN_INFINITE_RECURSION = YES;
				CLANG_WARN_INT_CONVERSION = YES;
				CLANG_WARN_NON_LITERAL_NULL_CONVERSION = YES;
				CLANG_WARN_OBJC_IMPLICIT_RETAIN_SELF = YES;
				CLANG_WARN_OBJC_LITERAL_CONVERSION = YES;
				CLANG_WARN_OBJC_ROOT_CLASS = YES_ERROR;
				CLANG_WARN_RANGE_LOOP_ANALYSIS = YES;
				CLANG_WARN_STRICT_PROTOTYPES = YES;
				CLANG_WARN_SUSPICIOUS_MOVE = YES;
				CLANG_WARN_UNGUARDED_AVAILABILITY = YES_AGGRESSIVE;
				CLANG_WARN_UNREACHABLE_CODE = YES;
				CLANG_WARN__DUPLICATE_METHOD_MATCH = YES;
				COPY_PHASE_STRIP = NO;
				DEBUG_INFORMATION_FORMAT = "dwarf-with-dsym";
				ENABLE_NS_ASSERTIONS = NO;
				ENABLE_STRICT_OBJC_MSGSEND = YES;
				GCC_C_LANGUAGE_STANDARD = gnu11;
				GCC_NO_COMMON_BLOCKS = YES;
				GCC_WARN_64_TO_32_BIT_CONVERSION = YES;
				GCC_WARN_ABOUT_RETURN_TYPE = YES_ERROR;
				GCC_WARN_UNDECLARED_SELECTOR = YES;
				GCC_WARN_UNINITIALIZED_AUTOS = YES_AGGRESSIVE;
				GCC_WARN_UNUSED_FUNCTION = YES;
				GCC_WARN_UNUSED_VARIABLE = YES;
				IPHONEOS_DEPLOYMENT_TARGET = 13.2;
				MTL_ENABLE_DEBUG_INFO = NO;
				MTL_FAST_MATH = YES;
				SDKROOT = iphoneos;
				SWIFT_COMPILATION_MODE = wholemodule;
				SWIFT_OPTIMIZATION_LEVEL = "-O";
				VALIDATE_PRODUCT = YES;
			};
			name = Release;
		};
		28406D5E24599B6700360339 /* Debug */ = {
			isa = XCBuildConfiguration;
			baseConfigurationReference = 6A55CC08BF74FA75E5E48F87 /* Pods-03_Project02_Guess the Flag.debug.xcconfig */;
			buildSettings = {
				ASSETCATALOG_COMPILER_APPICON_NAME = AppIcon;
				CODE_SIGN_STYLE = Automatic;
				DEVELOPMENT_ASSET_PATHS = "\"03_Project02_Guess the Flag/Preview Content\"";
				DEVELOPMENT_TEAM = XTMU73TLWU;
				ENABLE_PREVIEWS = YES;
				INFOPLIST_FILE = "03_Project02_Guess the Flag/Info.plist";
				LD_RUNPATH_SEARCH_PATHS = (
					"$(inherited)",
					"@executable_path/Frameworks",
				);
				PRODUCT_BUNDLE_IDENTIFIER = "com.jacob.-3-Project02-Guess-the-Flag";
				PRODUCT_NAME = "$(TARGET_NAME)";
				SWIFT_VERSION = 5.0;
				TARGETED_DEVICE_FAMILY = "1,2";
			};
			name = Debug;
		};
		28406D5F24599B6700360339 /* Release */ = {
			isa = XCBuildConfiguration;
			baseConfigurationReference = 09DAE4C484ACB52E77D809B9 /* Pods-03_Project02_Guess the Flag.release.xcconfig */;
			buildSettings = {
				ASSETCATALOG_COMPILER_APPICON_NAME = AppIcon;
				CODE_SIGN_STYLE = Automatic;
				DEVELOPMENT_ASSET_PATHS = "\"03_Project02_Guess the Flag/Preview Content\"";
				DEVELOPMENT_TEAM = XTMU73TLWU;
				ENABLE_PREVIEWS = YES;
				INFOPLIST_FILE = "03_Project02_Guess the Flag/Info.plist";
				LD_RUNPATH_SEARCH_PATHS = (
					"$(inherited)",
					"@executable_path/Frameworks",
				);
				PRODUCT_BUNDLE_IDENTIFIER = "com.jacob.-3-Project02-Guess-the-Flag";
				PRODUCT_NAME = "$(TARGET_NAME)";
				SWIFT_VERSION = 5.0;
				TARGETED_DEVICE_FAMILY = "1,2";
			};
			name = Release;
		};
/* End XCBuildConfiguration section */

/* Begin XCConfigurationList section */
		28406D4424599B6400360339 /* Build configuration list for PBXProject "03_Project02_Guess the Flag" */ = {
			isa = XCConfigurationList;
			buildConfigurations = (
				28406D5B24599B6700360339 /* Debug */,
				28406D5C24599B6700360339 /* Release */,
			);
			defaultConfigurationIsVisible = 0;
			defaultConfigurationName = Release;
		};
		28406D5D24599B6700360339 /* Build configuration list for PBXNativeTarget "03_Project02_Guess the Flag" */ = {
			isa = XCConfigurationList;
			buildConfigurations = (
				28406D5E24599B6700360339 /* Debug */,
				28406D5F24599B6700360339 /* Release */,
			);
			defaultConfigurationIsVisible = 0;
			defaultConfigurationName = Release;
		};
/* End XCConfigurationList section */
	};
	rootObject = 28406D4124599B6400360339 /* Project object */;
}
