// !$*UTF8*$!
{
	archiveVersion = 1;
	classes = {
	};
	objectVersion = 50;
	objects = {

/* Begin PBXBuildFile section */
		28E6B410245AC871004CB8DF /* AppDelegate.swift in Sources */ = {isa = PBXBuildFile; fileRef = 28E6B40F245AC871004CB8DF /* AppDelegate.swift */; };
		28E6B412245AC871004CB8DF /* SceneDelegate.swift in Sources */ = {isa = PBXBuildFile; fileRef = 28E6B411245AC871004CB8DF /* SceneDelegate.swift */; };
		28E6B414245AC871004CB8DF /* ContentView.swift in Sources */ = {isa = PBXBuildFile; fileRef = 28E6B413245AC871004CB8DF /* ContentView.swift */; };
		28E6B416245AC877004CB8DF /* Assets.xcassets in Resources */ = {isa = PBXBuildFile; fileRef = 28E6B415245AC877004CB8DF /* Assets.xcassets */; };
		28E6B419245AC877004CB8DF /* Preview Assets.xcassets in Resources */ = {isa = PBXBuildFile; fileRef = 28E6B418245AC877004CB8DF /* Preview Assets.xcassets */; };
		28E6B41C245AC877004CB8DF /* LaunchScreen.storyboard in Resources */ = {isa = PBXBuildFile; fileRef = 28E6B41A245AC877004CB8DF /* LaunchScreen.storyboard */; };
		28E6B424245AC8C9004CB8DF /* Challenge1.swift in Sources */ = {isa = PBXBuildFile; fileRef = 28E6B423245AC8C9004CB8DF /* Challenge1.swift */; };
		28E6B426245AC8ED004CB8DF /* BehindTheMainSwiftView.swift in Sources */ = {isa = PBXBuildFile; fileRef = 28E6B425245AC8ED004CB8DF /* BehindTheMainSwiftView.swift */; };
		28E6B428245AC915004CB8DF /* ModifiersOrder.swift in Sources */ = {isa = PBXBuildFile; fileRef = 28E6B427245AC915004CB8DF /* ModifiersOrder.swift */; };
		28E6B42A245AC93A004CB8DF /* SomeView.swift in Sources */ = {isa = PBXBuildFile; fileRef = 28E6B429245AC93A004CB8DF /* SomeView.swift */; };
		28E6B42C245AC960004CB8DF /* ConditionalModifiers.swift in Sources */ = {isa = PBXBuildFile; fileRef = 28E6B42B245AC960004CB8DF /* ConditionalModifiers.swift */; };
		28E6B42E245AC97C004CB8DF /* EnvironmentModifiers.swift in Sources */ = {isa = PBXBuildFile; fileRef = 28E6B42D245AC97C004CB8DF /* EnvironmentModifiers.swift */; };
		28E6B430245AC9A0004CB8DF /* PropertyViews.swift in Sources */ = {isa = PBXBuildFile; fileRef = 28E6B42F245AC9A0004CB8DF /* PropertyViews.swift */; };
		28E6B432245AC9BF004CB8DF /* ViewComposition.swift in Sources */ = {isa = PBXBuildFile; fileRef = 28E6B431245AC9BF004CB8DF /* ViewComposition.swift */; };
		28E6B434245AC9F2004CB8DF /* CustomModifiers.swift in Sources */ = {isa = PBXBuildFile; fileRef = 28E6B433245AC9F2004CB8DF /* CustomModifiers.swift */; };
		28E6B436245ACA26004CB8DF /* CustomContainers.swift in Sources */ = {isa = PBXBuildFile; fileRef = 28E6B435245ACA26004CB8DF /* CustomContainers.swift */; };
/* End PBXBuildFile section */

/* Begin PBXFileReference section */
		28E6B40C245AC871004CB8DF /* 04_Project03_ViewsAndModifiers.app */ = {isa = PBXFileReference; explicitFileType = wrapper.application; includeInIndex = 0; path = 04_Project03_ViewsAndModifiers.app; sourceTree = BUILT_PRODUCTS_DIR; };
		28E6B40F245AC871004CB8DF /* AppDelegate.swift */ = {isa = PBXFileReference; lastKnownFileType = sourcecode.swift; path = AppDelegate.swift; sourceTree = "<group>"; };
		28E6B411245AC871004CB8DF /* SceneDelegate.swift */ = {isa = PBXFileReference; lastKnownFileType = sourcecode.swift; path = SceneDelegate.swift; sourceTree = "<group>"; };
		28E6B413245AC871004CB8DF /* ContentView.swift */ = {isa = PBXFileReference; lastKnownFileType = sourcecode.swift; path = ContentView.swift; sourceTree = "<group>"; };
		28E6B415245AC877004CB8DF /* Assets.xcassets */ = {isa = PBXFileReference; lastKnownFileType = folder.assetcatalog; path = Assets.xcassets; sourceTree = "<group>"; };
		28E6B418245AC877004CB8DF /* Preview Assets.xcassets */ = {isa = PBXFileReference; lastKnownFileType = folder.assetcatalog; path = "Preview Assets.xcassets"; sourceTree = "<group>"; };
		28E6B41B245AC877004CB8DF /* Base */ = {isa = PBXFileReference; lastKnownFileType = file.storyboard; name = Base; path = Base.lproj/LaunchScreen.storyboard; sourceTree = "<group>"; };
		28E6B41D245AC877004CB8DF /* Info.plist */ = {isa = PBXFileReference; lastKnownFileType = text.plist.xml; path = Info.plist; sourceTree = "<group>"; };
		28E6B423245AC8C9004CB8DF /* Challenge1.swift */ = {isa = PBXFileReference; lastKnownFileType = sourcecode.swift; path = Challenge1.swift; sourceTree = "<group>"; };
		28E6B425245AC8ED004CB8DF /* BehindTheMainSwiftView.swift */ = {isa = PBXFileReference; lastKnownFileType = sourcecode.swift; path = BehindTheMainSwiftView.swift; sourceTree = "<group>"; };
		28E6B427245AC915004CB8DF /* ModifiersOrder.swift */ = {isa = PBXFileReference; lastKnownFileType = sourcecode.swift; path = ModifiersOrder.swift; sourceTree = "<group>"; };
		28E6B429245AC93A004CB8DF /* SomeView.swift */ = {isa = PBXFileReference; lastKnownFileType = sourcecode.swift; path = SomeView.swift; sourceTree = "<group>"; };
		28E6B42B245AC960004CB8DF /* ConditionalModifiers.swift */ = {isa = PBXFileReference; lastKnownFileType = sourcecode.swift; path = ConditionalModifiers.swift; sourceTree = "<group>"; };
		28E6B42D245AC97C004CB8DF /* EnvironmentModifiers.swift */ = {isa = PBXFileReference; lastKnownFileType = sourcecode.swift; path = EnvironmentModifiers.swift; sourceTree = "<group>"; };
		28E6B42F245AC9A0004CB8DF /* PropertyViews.swift */ = {isa = PBXFileReference; lastKnownFileType = sourcecode.swift; path = PropertyViews.swift; sourceTree = "<group>"; };
		28E6B431245AC9BF004CB8DF /* ViewComposition.swift */ = {isa = PBXFileReference; lastKnownFileType = sourcecode.swift; path = ViewComposition.swift; sourceTree = "<group>"; };
		28E6B433245AC9F2004CB8DF /* CustomModifiers.swift */ = {isa = PBXFileReference; lastKnownFileType = sourcecode.swift; path = CustomModifiers.swift; sourceTree = "<group>"; };
		28E6B435245ACA26004CB8DF /* CustomContainers.swift */ = {isa = PBXFileReference; lastKnownFileType = sourcecode.swift; path = CustomContainers.swift; sourceTree = "<group>"; };
		28E6B437245ACF8B004CB8DF /* screenshots */ = {isa = PBXFileReference; lastKnownFileType = folder; path = screenshots; sourceTree = "<group>"; };
		28E6B438245ACF8B004CB8DF /* README.md */ = {isa = PBXFileReference; lastKnownFileType = net.daringfireball.markdown; path = README.md; sourceTree = "<group>"; };
		28E6B439245ACFBE004CB8DF /* Challenge2 */ = {isa = PBXFileReference; lastKnownFileType = folder; path = Challenge2; sourceTree = "<group>"; };
		28E6B43A245ACFBE004CB8DF /* Challenge3 */ = {isa = PBXFileReference; lastKnownFileType = folder; path = Challenge3; sourceTree = "<group>"; };
/* End PBXFileReference section */

/* Begin PBXFrameworksBuildPhase section */
		28E6B409245AC871004CB8DF /* Frameworks */ = {
			isa = PBXFrameworksBuildPhase;
			buildActionMask = 2147483647;
			files = (
			);
			runOnlyForDeploymentPostprocessing = 0;
		};
/* End PBXFrameworksBuildPhase section */

/* Begin PBXGroup section */
		28E6B403245AC871004CB8DF = {
			isa = PBXGroup;
			children = (
				28E6B439245ACFBE004CB8DF /* Challenge2 */,
				28E6B43A245ACFBE004CB8DF /* Challenge3 */,
				28E6B438245ACF8B004CB8DF /* README.md */,
				28E6B437245ACF8B004CB8DF /* screenshots */,
				28E6B40E245AC871004CB8DF /* 04_Project03_ViewsAndModifiers */,
				28E6B40D245AC871004CB8DF /* Products */,
			);
			sourceTree = "<group>";
		};
		28E6B40D245AC871004CB8DF /* Products */ = {
			isa = PBXGroup;
			children = (
				28E6B40C245AC871004CB8DF /* 04_Project03_ViewsAndModifiers.app */,
			);
			name = Products;
			sourceTree = "<group>";
		};
		28E6B40E245AC871004CB8DF /* 04_Project03_ViewsAndModifiers */ = {
			isa = PBXGroup;
			children = (
				28E6B40F245AC871004CB8DF /* AppDelegate.swift */,
				28E6B411245AC871004CB8DF /* SceneDelegate.swift */,
				28E6B413245AC871004CB8DF /* ContentView.swift */,
				28E6B423245AC8C9004CB8DF /* Challenge1.swift */,
				28E6B425245AC8ED004CB8DF /* BehindTheMainSwiftView.swift */,
				28E6B427245AC915004CB8DF /* ModifiersOrder.swift */,
				28E6B429245AC93A004CB8DF /* SomeView.swift */,
				28E6B42B245AC960004CB8DF /* ConditionalModifiers.swift */,
				28E6B42D245AC97C004CB8DF /* EnvironmentModifiers.swift */,
				28E6B42F245AC9A0004CB8DF /* PropertyViews.swift */,
				28E6B431245AC9BF004CB8DF /* ViewComposition.swift */,
				28E6B433245AC9F2004CB8DF /* CustomModifiers.swift */,
				28E6B435245ACA26004CB8DF /* CustomContainers.swift */,
				28E6B415245AC877004CB8DF /* Assets.xcassets */,
				28E6B41A245AC877004CB8DF /* LaunchScreen.storyboard */,
				28E6B41D245AC877004CB8DF /* Info.plist */,
				28E6B417245AC877004CB8DF /* Preview Content */,
			);
			path = 04_Project03_ViewsAndModifiers;
			sourceTree = "<group>";
		};
		28E6B417245AC877004CB8DF /* Preview Content */ = {
			isa = PBXGroup;
			children = (
				28E6B418245AC877004CB8DF /* Preview Assets.xcassets */,
			);
			path = "Preview Content";
			sourceTree = "<group>";
		};
/* End PBXGroup section */

/* Begin PBXNativeTarget section */
		28E6B40B245AC871004CB8DF /* 04_Project03_ViewsAndModifiers */ = {
			isa = PBXNativeTarget;
			buildConfigurationList = 28E6B420245AC877004CB8DF /* Build configuration list for PBXNativeTarget "04_Project03_ViewsAndModifiers" */;
			buildPhases = (
				28E6B408245AC871004CB8DF /* Sources */,
				28E6B409245AC871004CB8DF /* Frameworks */,
				28E6B40A245AC871004CB8DF /* Resources */,
			);
			buildRules = (
			);
			dependencies = (
			);
			name = 04_Project03_ViewsAndModifiers;
			productName = 04_Project03_ViewsAndModifiers;
			productReference = 28E6B40C245AC871004CB8DF /* 04_Project03_ViewsAndModifiers.app */;
			productType = "com.apple.product-type.application";
		};
/* End PBXNativeTarget section */

/* Begin PBXProject section */
		28E6B404245AC871004CB8DF /* Project object */ = {
			isa = PBXProject;
			attributes = {
				LastSwiftUpdateCheck = 1130;
				LastUpgradeCheck = 1130;
				ORGANIZATIONNAME = "Jacob Zhang";
				TargetAttributes = {
					28E6B40B245AC871004CB8DF = {
						CreatedOnToolsVersion = 11.3.1;
					};
				};
			};
			buildConfigurationList = 28E6B407245AC871004CB8DF /* Build configuration list for PBXProject "04_Project03_ViewsAndModifiers" */;
			compatibilityVersion = "Xcode 9.3";
			developmentRegion = en;
			hasScannedForEncodings = 0;
			knownRegions = (
				en,
				Base,
			);
			mainGroup = 28E6B403245AC871004CB8DF;
			productRefGroup = 28E6B40D245AC871004CB8DF /* Products */;
			projectDirPath = "";
			projectRoot = "";
			targets = (
				28E6B40B245AC871004CB8DF /* 04_Project03_ViewsAndModifiers */,
			);
		};
/* End PBXProject section */

/* Begin PBXResourcesBuildPhase section */
		28E6B40A245AC871004CB8DF /* Resources */ = {
			isa = PBXResourcesBuildPhase;
			buildActionMask = 2147483647;
			files = (
				28E6B41C245AC877004CB8DF /* LaunchScreen.storyboard in Resources */,
				28E6B419245AC877004CB8DF /* Preview Assets.xcassets in Resources */,
				28E6B416245AC877004CB8DF /* Assets.xcassets in Resources */,
			);
			runOnlyForDeploymentPostprocessing = 0;
		};
/* End PBXResourcesBuildPhase section */

/* Begin PBXSourcesBuildPhase section */
		28E6B408245AC871004CB8DF /* Sources */ = {
			isa = PBXSourcesBuildPhase;
			buildActionMask = 2147483647;
			files = (
				28E6B42E245AC97C004CB8DF /* EnvironmentModifiers.swift in Sources */,
				28E6B432245AC9BF004CB8DF /* ViewComposition.swift in Sources */,
				28E6B42A245AC93A004CB8DF /* SomeView.swift in Sources */,
				28E6B410245AC871004CB8DF /* AppDelegate.swift in Sources */,
				28E6B412245AC871004CB8DF /* SceneDelegate.swift in Sources */,
				28E6B436245ACA26004CB8DF /* CustomContainers.swift in Sources */,
				28E6B42C245AC960004CB8DF /* ConditionalModifiers.swift in Sources */,
				28E6B430245AC9A0004CB8DF /* PropertyViews.swift in Sources */,
				28E6B426245AC8ED004CB8DF /* BehindTheMainSwiftView.swift in Sources */,
				28E6B414245AC871004CB8DF /* ContentView.swift in Sources */,
				28E6B434245AC9F2004CB8DF /* CustomModifiers.swift in Sources */,
				28E6B424245AC8C9004CB8DF /* Challenge1.swift in Sources */,
				28E6B428245AC915004CB8DF /* ModifiersOrder.swift in Sources */,
			);
			runOnlyForDeploymentPostprocessing = 0;
		};
/* End PBXSourcesBuildPhase section */

/* Begin PBXVariantGroup section */
		28E6B41A245AC877004CB8DF /* LaunchScreen.storyboard */ = {
			isa = PBXVariantGroup;
			children = (
				28E6B41B245AC877004CB8DF /* Base */,
			);
			name = LaunchScreen.storyboard;
			sourceTree = "<group>";
		};
/* End PBXVariantGroup section */

/* Begin XCBuildConfiguration section */
		28E6B41E245AC877004CB8DF /* Debug */ = {
			isa = XCBuildConfiguration;
			buildSettings = {
				ALWAYS_SEARCH_USER_PATHS = NO;
				CLANG_ANALYZER_NONNULL = YES;
				CLANG_ANALYZER_NUMBER_OBJECT_CONVERSION = YES_AGGRESSIVE;
				CLANG_CXX_LANGUAGE_STANDARD = "gnu++14";
				CLANG_CXX_LIBRARY = "libc++";
				CLANG_ENABLE_MODULES = YES;
				CLANG_ENABLE_OBJC_ARC = YES;
				CLANG_ENABLE_OBJC_WEAK = YES;
				CLANG_WARN_BLOCK_CAPTURE_AUTORELEASING = YES;
				CLANG_WARN_BOOL_CONVERSION = YES;
				CLANG_WARN_COMMA = YES;
				CLANG_WARN_CONSTANT_CONVERSION = YES;
				CLANG_WARN_DEPRECATED_OBJC_IMPLEMENTATIONS = YES;
				CLANG_WARN_DIRECT_OBJC_ISA_USAGE = YES_ERROR;
				CLANG_WARN_DOCUMENTATION_COMMENTS = YES;
				CLANG_WARN_EMPTY_BODY = YES;
				CLANG_WARN_ENUM_CONVERSION = YES;
				CLANG_WARN_INFINITE_RECURSION = YES;
				CLANG_WARN_INT_CONVERSION = YES;
				CLANG_WARN_NON_LITERAL_NULL_CONVERSION = YES;
				CLANG_WARN_OBJC_IMPLICIT_RETAIN_SELF = YES;
				CLANG_WARN_OBJC_LITERAL_CONVERSION = YES;
				CLANG_WARN_OBJC_ROOT_CLASS = YES_ERROR;
				CLANG_WARN_RANGE_LOOP_ANALYSIS = YES;
				CLANG_WARN_STRICT_PROTOTYPES = YES;
				CLANG_WARN_SUSPICIOUS_MOVE = YES;
				CLANG_WARN_UNGUARDED_AVAILABILITY = YES_AGGRESSIVE;
				CLANG_WARN_UNREACHABLE_CODE = YES;
				CLANG_WARN__DUPLICATE_METHOD_MATCH = YES;
				COPY_PHASE_STRIP = NO;
				DEBUG_INFORMATION_FORMAT = dwarf;
				ENABLE_STRICT_OBJC_MSGSEND = YES;
				ENABLE_TESTABILITY = YES;
				GCC_C_LANGUAGE_STANDARD = gnu11;
				GCC_DYNAMIC_NO_PIC = NO;
				GCC_NO_COMMON_BLOCKS = YES;
				GCC_OPTIMIZATION_LEVEL = 0;
				GCC_PREPROCESSOR_DEFINITIONS = (
					"DEBUG=1",
					"$(inherited)",
				);
				GCC_WARN_64_TO_32_BIT_CONVERSION = YES;
				GCC_WARN_ABOUT_RETURN_TYPE = YES_ERROR;
				GCC_WARN_UNDECLARED_SELECTOR = YES;
				GCC_WARN_UNINITIALIZED_AUTOS = YES_AGGRESSIVE;
				GCC_WARN_UNUSED_FUNCTION = YES;
				GCC_WARN_UNUSED_VARIABLE = YES;
				IPHONEOS_DEPLOYMENT_TARGET = 13.2;
				MTL_ENABLE_DEBUG_INFO = INCLUDE_SOURCE;
				MTL_FAST_MATH = YES;
				ONLY_ACTIVE_ARCH = YES;
				SDKROOT = iphoneos;
				SWIFT_ACTIVE_COMPILATION_CONDITIONS = DEBUG;
				SWIFT_OPTIMIZATION_LEVEL = "-Onone";
			};
			name = Debug;
		};
		28E6B41F245AC877004CB8DF /* Release */ = {
			isa = XCBuildConfiguration;
			buildSettings = {
				ALWAYS_SEARCH_USER_PATHS = NO;
				CLANG_ANALYZER_NONNULL = YES;
				CLANG_ANALYZER_NUMBER_OBJECT_CONVERSION = YES_AGGRESSIVE;
				CLANG_CXX_LANGUAGE_STANDARD = "gnu++14";
				CLANG_CXX_LIBRARY = "libc++";
				CLANG_ENABLE_MODULES = YES;
				CLANG_ENABLE_OBJC_ARC = YES;
				CLANG_ENABLE_OBJC_WEAK = YES;
				CLANG_WARN_BLOCK_CAPTURE_AUTORELEASING = YES;
				CLANG_WARN_BOOL_CONVERSION = YES;
				CLANG_WARN_COMMA = YES;
				CLANG_WARN_CONSTANT_CONVERSION = YES;
				CLANG_WARN_DEPRECATED_OBJC_IMPLEMENTATIONS = YES;
				CLANG_WARN_DIRECT_OBJC_ISA_USAGE = YES_ERROR;
				CLANG_WARN_DOCUMENTATION_COMMENTS = YES;
				CLANG_WARN_EMPTY_BODY = YES;
				CLANG_WARN_ENUM_CONVERSION = YES;
				CLANG_WARN_INFINITE_RECURSION = YES;
				CLANG_WARN_INT_CONVERSION = YES;
				CLANG_WARN_NON_LITERAL_NULL_CONVERSION = YES;
				CLANG_WARN_OBJC_IMPLICIT_RETAIN_SELF = YES;
				CLANG_WARN_OBJC_LITERAL_CONVERSION = YES;
				CLANG_WARN_OBJC_ROOT_CLASS = YES_ERROR;
				CLANG_WARN_RANGE_LOOP_ANALYSIS = YES;
				CLANG_WARN_STRICT_PROTOTYPES = YES;
				CLANG_WARN_SUSPICIOUS_MOVE = YES;
				CLANG_WARN_UNGUARDED_AVAILABILITY = YES_AGGRESSIVE;
				CLANG_WARN_UNREACHABLE_CODE = YES;
				CLANG_WARN__DUPLICATE_METHOD_MATCH = YES;
				COPY_PHASE_STRIP = NO;
				DEBUG_INFORMATION_FORMAT = "dwarf-with-dsym";
				ENABLE_NS_ASSERTIONS = NO;
				ENABLE_STRICT_OBJC_MSGSEND = YES;
				GCC_C_LANGUAGE_STANDARD = gnu11;
				GCC_NO_COMMON_BLOCKS = YES;
				GCC_WARN_64_TO_32_BIT_CONVERSION = YES;
				GCC_WARN_ABOUT_RETURN_TYPE = YES_ERROR;
				GCC_WARN_UNDECLARED_SELECTOR = YES;
				GCC_WARN_UNINITIALIZED_AUTOS = YES_AGGRESSIVE;
				GCC_WARN_UNUSED_FUNCTION = YES;
				GCC_WARN_UNUSED_VARIABLE = YES;
				IPHONEOS_DEPLOYMENT_TARGET = 13.2;
				MTL_ENABLE_DEBUG_INFO = NO;
				MTL_FAST_MATH = YES;
				SDKROOT = iphoneos;
				SWIFT_COMPILATION_MODE = wholemodule;
				SWIFT_OPTIMIZATION_LEVEL = "-O";
				VALIDATE_PRODUCT = YES;
			};
			name = Release;
		};
		28E6B421245AC877004CB8DF /* Debug */ = {
			isa = XCBuildConfiguration;
			buildSettings = {
				ASSETCATALOG_COMPILER_APPICON_NAME = AppIcon;
				CODE_SIGN_STYLE = Automatic;
				DEVELOPMENT_ASSET_PATHS = "\"04_Project03_ViewsAndModifiers/Preview Content\"";
				DEVELOPMENT_TEAM = XTMU73TLWU;
				ENABLE_PREVIEWS = YES;
				INFOPLIST_FILE = 04_Project03_ViewsAndModifiers/Info.plist;
				LD_RUNPATH_SEARCH_PATHS = (
					"$(inherited)",
					"@executable_path/Frameworks",
				);
				PRODUCT_BUNDLE_IDENTIFIER = "com.jacob.-4-Project03-ViewsAndModifiers";
				PRODUCT_NAME = "$(TARGET_NAME)";
				SWIFT_VERSION = 5.0;
				TARGETED_DEVICE_FAMILY = "1,2";
			};
			name = Debug;
		};
		28E6B422245AC877004CB8DF /* Release */ = {
			isa = XCBuildConfiguration;
			buildSettings = {
				ASSETCATALOG_COMPILER_APPICON_NAME = AppIcon;
				CODE_SIGN_STYLE = Automatic;
				DEVELOPMENT_ASSET_PATHS = "\"04_Project03_ViewsAndModifiers/Preview Content\"";
				DEVELOPMENT_TEAM = XTMU73TLWU;
				ENABLE_PREVIEWS = YES;
				INFOPLIST_FILE = 04_Project03_ViewsAndModifiers/Info.plist;
				LD_RUNPATH_SEARCH_PATHS = (
					"$(inherited)",
					"@executable_path/Frameworks",
				);
				PRODUCT_BUNDLE_IDENTIFIER = "com.jacob.-4-Project03-ViewsAndModifiers";
				PRODUCT_NAME = "$(TARGET_NAME)";
				SWIFT_VERSION = 5.0;
				TARGETED_DEVICE_FAMILY = "1,2";
			};
			name = Release;
		};
/* End XCBuildConfiguration section */

/* Begin XCConfigurationList section */
		28E6B407245AC871004CB8DF /* Build configuration list for PBXProject "04_Project03_ViewsAndModifiers" */ = {
			isa = XCConfigurationList;
			buildConfigurations = (
				28E6B41E245AC877004CB8DF /* Debug */,
				28E6B41F245AC877004CB8DF /* Release */,
			);
			defaultConfigurationIsVisible = 0;
			defaultConfigurationName = Release;
		};
		28E6B420245AC877004CB8DF /* Build configuration list for PBXNativeTarget "04_Project03_ViewsAndModifiers" */ = {
			isa = XCConfigurationList;
			buildConfigurations = (
				28E6B421245AC877004CB8DF /* Debug */,
				28E6B422245AC877004CB8DF /* Release */,
			);
			defaultConfigurationIsVisible = 0;
			defaultConfigurationName = Release;
		};
/* End XCConfigurationList section */
	};
	rootObject = 28E6B404245AC871004CB8DF /* Project object */;
}
